// !$*UTF8*$!
{
	archiveVersion = 1;
	classes = {
	};
	objectVersion = 46;
	objects = {

/* Begin PBXBuildFile section */
		19304C2CC773959DA5B9462B /* Pods_ViewModel_Tests.framework in Frameworks */ = {isa = PBXBuildFile; fileRef = 0FDF8936A58AAD2996561B24 /* Pods_ViewModel_Tests.framework */; };
		6003F58E195388D20070C39A /* Foundation.framework in Frameworks */ = {isa = PBXBuildFile; fileRef = 6003F58D195388D20070C39A /* Foundation.framework */; };
		6003F590195388D20070C39A /* CoreGraphics.framework in Frameworks */ = {isa = PBXBuildFile; fileRef = 6003F58F195388D20070C39A /* CoreGraphics.framework */; };
		6003F592195388D20070C39A /* UIKit.framework in Frameworks */ = {isa = PBXBuildFile; fileRef = 6003F591195388D20070C39A /* UIKit.framework */; };
		6003F598195388D20070C39A /* InfoPlist.strings in Resources */ = {isa = PBXBuildFile; fileRef = 6003F596195388D20070C39A /* InfoPlist.strings */; };
		6003F59A195388D20070C39A /* main.m in Sources */ = {isa = PBXBuildFile; fileRef = 6003F599195388D20070C39A /* main.m */; };
		6003F59E195388D20070C39A /* AppDelegate.m in Sources */ = {isa = PBXBuildFile; fileRef = 6003F59D195388D20070C39A /* AppDelegate.m */; };
		6003F5A7195388D20070C39A /* ViewController.m in Sources */ = {isa = PBXBuildFile; fileRef = 6003F5A6195388D20070C39A /* ViewController.m */; };
		6003F5A9195388D20070C39A /* Images.xcassets in Resources */ = {isa = PBXBuildFile; fileRef = 6003F5A8195388D20070C39A /* Images.xcassets */; };
		6003F5B0195388D20070C39A /* XCTest.framework in Frameworks */ = {isa = PBXBuildFile; fileRef = 6003F5AF195388D20070C39A /* XCTest.framework */; };
		6003F5B1195388D20070C39A /* Foundation.framework in Frameworks */ = {isa = PBXBuildFile; fileRef = 6003F58D195388D20070C39A /* Foundation.framework */; };
		6003F5B2195388D20070C39A /* UIKit.framework in Frameworks */ = {isa = PBXBuildFile; fileRef = 6003F591195388D20070C39A /* UIKit.framework */; };
		6003F5BA195388D20070C39A /* InfoPlist.strings in Resources */ = {isa = PBXBuildFile; fileRef = 6003F5B8195388D20070C39A /* InfoPlist.strings */; };
		6003F5BC195388D20070C39A /* Tests.m in Sources */ = {isa = PBXBuildFile; fileRef = 6003F5BB195388D20070C39A /* Tests.m */; };
		71719F9F1E33DC2100824A3D /* LaunchScreen.storyboard in Resources */ = {isa = PBXBuildFile; fileRef = 71719F9D1E33DC2100824A3D /* LaunchScreen.storyboard */; };
		7802FD2E2C8CA4D300357F37 /* AutoCollectionViewModelCell.m in Sources */ = {isa = PBXBuildFile; fileRef = 7802FD2D2C8CA4D300357F37 /* AutoCollectionViewModelCell.m */; };
		7802FD312C8CA4DF00357F37 /* AutoTableViewModelCell.m in Sources */ = {isa = PBXBuildFile; fileRef = 7802FD302C8CA4DF00357F37 /* AutoTableViewModelCell.m */; };
		784B3F272C90853F00EEA591 /* ExampleCellViewModel.m in Sources */ = {isa = PBXBuildFile; fileRef = 784B3F252C90853F00EEA591 /* ExampleCellViewModel.m */; };
		784B3F2A2C908C0800EEA591 /* ExampleTableViewModelCell.m in Sources */ = {isa = PBXBuildFile; fileRef = 784B3F292C908C0800EEA591 /* ExampleTableViewModelCell.m */; };
		784B3F2D2C908C1F00EEA591 /* ExampleCollectionViewModelCell.m in Sources */ = {isa = PBXBuildFile; fileRef = 784B3F2C2C908C1F00EEA591 /* ExampleCollectionViewModelCell.m */; };
		784B3F302C908C5C00EEA591 /* ExampleTableCellViewModel.m in Sources */ = {isa = PBXBuildFile; fileRef = 784B3F2F2C908C5C00EEA591 /* ExampleTableCellViewModel.m */; };
		784B3F332C908C6D00EEA591 /* ExampleCollectionCellViewModel.m in Sources */ = {isa = PBXBuildFile; fileRef = 784B3F322C908C6D00EEA591 /* ExampleCollectionCellViewModel.m */; };
		784B3F372C90949500EEA591 /* ExampleSectionViewModel.m in Sources */ = {isa = PBXBuildFile; fileRef = 784B3F352C90949500EEA591 /* ExampleSectionViewModel.m */; };
		784B3F3A2C9095CF00EEA591 /* ExampleTableHeaderView.m in Sources */ = {isa = PBXBuildFile; fileRef = 784B3F382C9095CF00EEA591 /* ExampleTableHeaderView.m */; };
		784B3F3D2C9095DE00EEA591 /* ExampleTableFooterView.m in Sources */ = {isa = PBXBuildFile; fileRef = 784B3F3C2C9095DE00EEA591 /* ExampleTableFooterView.m */; };
		784B3F402C9095F300EEA591 /* ExampleCollectionHeaderView.m in Sources */ = {isa = PBXBuildFile; fileRef = 784B3F3E2C9095F300EEA591 /* ExampleCollectionHeaderView.m */; };
		784B3F432C90960400EEA591 /* ExampleCollectionFooterView.m in Sources */ = {isa = PBXBuildFile; fileRef = 784B3F422C90960400EEA591 /* ExampleCollectionFooterView.m */; };
		786895842C0C280600F0E842 /* TestCellViewModel.m in Sources */ = {isa = PBXBuildFile; fileRef = 786895822C0C280600F0E842 /* TestCellViewModel.m */; };
		786895872C0C280F00F0E842 /* TestCollectionCellViewModel.m in Sources */ = {isa = PBXBuildFile; fileRef = 786895862C0C280F00F0E842 /* TestCollectionCellViewModel.m */; };
		7868958A2C0C281700F0E842 /* TestCollectionController.m in Sources */ = {isa = PBXBuildFile; fileRef = 786895882C0C281700F0E842 /* TestCollectionController.m */; };
		7868958D2C0C281F00F0E842 /* TestCollectionControllerViewModel.m in Sources */ = {isa = PBXBuildFile; fileRef = 7868958C2C0C281F00F0E842 /* TestCollectionControllerViewModel.m */; };
		7868959C2C0C284F00F0E842 /* TestTableCellViewModel.m in Sources */ = {isa = PBXBuildFile; fileRef = 7868959B2C0C284F00F0E842 /* TestTableCellViewModel.m */; };
		7868959F2C0C285700F0E842 /* TestTableController.m in Sources */ = {isa = PBXBuildFile; fileRef = 7868959D2C0C285700F0E842 /* TestTableController.m */; };
		786895A22C0C286300F0E842 /* TestTableControllerViewModel.m in Sources */ = {isa = PBXBuildFile; fileRef = 786895A12C0C286300F0E842 /* TestTableControllerViewModel.m */; };
		78705E2D2C0C28F0001DF510 /* TestSectionViewModel.m in Sources */ = {isa = PBXBuildFile; fileRef = 78705E2B2C0C28F0001DF510 /* TestSectionViewModel.m */; };
		788A68402CF0DA5F0074F772 /* TestAnotherCellViewModel.m in Sources */ = {isa = PBXBuildFile; fileRef = 788A683E2CF0DA5F0074F772 /* TestAnotherCellViewModel.m */; };
		788A68432CF0DA720074F772 /* TestAnotherCollectionCellViewModel.m in Sources */ = {isa = PBXBuildFile; fileRef = 788A68422CF0DA720074F772 /* TestAnotherCollectionCellViewModel.m */; };
		788A68462CF0DA850074F772 /* TestAnotherTableCellViewModel.m in Sources */ = {isa = PBXBuildFile; fileRef = 788A68452CF0DA850074F772 /* TestAnotherTableCellViewModel.m */; };
		788A68492CF0DAAA0074F772 /* TestAnotherCollectionViewModelCell.m in Sources */ = {isa = PBXBuildFile; fileRef = 788A68482CF0DAAA0074F772 /* TestAnotherCollectionViewModelCell.m */; };
		788A684C2CF0DABA0074F772 /* TestAnotherTableViewModelCell.m in Sources */ = {isa = PBXBuildFile; fileRef = 788A684B2CF0DABA0074F772 /* TestAnotherTableViewModelCell.m */; };
		788B94252C36C7C6009157CB /* TestCollectionViewModelCell.m in Sources */ = {isa = PBXBuildFile; fileRef = 788B94242C36C7C6009157CB /* TestCollectionViewModelCell.m */; };
		78D0DFE42C36C8D2005AE705 /* TestCollectionFooterView.m in Sources */ = {isa = PBXBuildFile; fileRef = 78D0DFE32C36C8D2005AE705 /* TestCollectionFooterView.m */; };
		78D0DFEA2C36C925005AE705 /* TestCollectionHeaderView.m in Sources */ = {isa = PBXBuildFile; fileRef = 78D0DFE82C36C925005AE705 /* TestCollectionHeaderView.m */; };
		78D0DFED2C36C9EC005AE705 /* TestTableViewModelCell.m in Sources */ = {isa = PBXBuildFile; fileRef = 78D0DFEC2C36C9EC005AE705 /* TestTableViewModelCell.m */; };
		78D0DFF02C36CA0C005AE705 /* TestTableHeaderView.m in Sources */ = {isa = PBXBuildFile; fileRef = 78D0DFEE2C36CA0C005AE705 /* TestTableHeaderView.m */; };
		78D0DFF32C36CA19005AE705 /* TestTableFooterView.m in Sources */ = {isa = PBXBuildFile; fileRef = 78D0DFF22C36CA19005AE705 /* TestTableFooterView.m */; };
		78E1001F2C5364F100CB8CB3 /* AutoCellViewModel.m in Sources */ = {isa = PBXBuildFile; fileRef = 78E1001D2C5364F100CB8CB3 /* AutoCellViewModel.m */; };
		78E100222C5364FF00CB8CB3 /* AutoCollectionCellViewModel.m in Sources */ = {isa = PBXBuildFile; fileRef = 78E100212C5364FF00CB8CB3 /* AutoCollectionCellViewModel.m */; };
		78E100252C53650A00CB8CB3 /* AutoCollectionController.m in Sources */ = {isa = PBXBuildFile; fileRef = 78E100232C53650A00CB8CB3 /* AutoCollectionController.m */; };
		78E100282C53651400CB8CB3 /* AutoCollectionControllerViewModel.m in Sources */ = {isa = PBXBuildFile; fileRef = 78E100272C53651400CB8CB3 /* AutoCollectionControllerViewModel.m */; };
		78E1002B2C53651D00CB8CB3 /* AutoCollectionFooterView.m in Sources */ = {isa = PBXBuildFile; fileRef = 78E1002A2C53651D00CB8CB3 /* AutoCollectionFooterView.m */; };
		78E1002E2C53652600CB8CB3 /* AutoCollectionHeaderView.m in Sources */ = {isa = PBXBuildFile; fileRef = 78E1002C2C53652600CB8CB3 /* AutoCollectionHeaderView.m */; };
		78E100342C53653A00CB8CB3 /* AutoSectionViewModel.m in Sources */ = {isa = PBXBuildFile; fileRef = 78E100322C53653A00CB8CB3 /* AutoSectionViewModel.m */; };
		78E100372C53654300CB8CB3 /* AutoTableCellViewModel.m in Sources */ = {isa = PBXBuildFile; fileRef = 78E100362C53654300CB8CB3 /* AutoTableCellViewModel.m */; };
		78E1003A2C53654C00CB8CB3 /* AutoTableController.m in Sources */ = {isa = PBXBuildFile; fileRef = 78E100382C53654C00CB8CB3 /* AutoTableController.m */; };
		78E1003D2C53655500CB8CB3 /* AutoTableControllerViewModel.m in Sources */ = {isa = PBXBuildFile; fileRef = 78E1003C2C53655500CB8CB3 /* AutoTableControllerViewModel.m */; };
		78E100402C53655E00CB8CB3 /* AutoTableFooterView.m in Sources */ = {isa = PBXBuildFile; fileRef = 78E1003F2C53655E00CB8CB3 /* AutoTableFooterView.m */; };
		78E100432C53656600CB8CB3 /* AutoTableHeaderView.m in Sources */ = {isa = PBXBuildFile; fileRef = 78E100412C53656600CB8CB3 /* AutoTableHeaderView.m */; };
		8092BCDFE267C742F26C41E6 /* Pods_ViewModel_Example.framework in Frameworks */ = {isa = PBXBuildFile; fileRef = AEDE4D90A7EE01CE863AA501 /* Pods_ViewModel_Example.framework */; };
		873B8AEB1B1F5CCA007FD442 /* Main.storyboard in Resources */ = {isa = PBXBuildFile; fileRef = 873B8AEA1B1F5CCA007FD442 /* Main.storyboard */; };
/* End PBXBuildFile section */

/* Begin PBXContainerItemProxy section */
		6003F5B3195388D20070C39A /* PBXContainerItemProxy */ = {
			isa = PBXContainerItemProxy;
			containerPortal = 6003F582195388D10070C39A /* Project object */;
			proxyType = 1;
			remoteGlobalIDString = 6003F589195388D20070C39A;
			remoteInfo = ViewModel;
		};
/* End PBXContainerItemProxy section */

/* Begin PBXFileReference section */
		0FDF8936A58AAD2996561B24 /* Pods_ViewModel_Tests.framework */ = {isa = PBXFileReference; explicitFileType = wrapper.framework; includeInIndex = 0; path = Pods_ViewModel_Tests.framework; sourceTree = BUILT_PRODUCTS_DIR; };
		14C564DEA6C9E57700778849 /* README.md */ = {isa = PBXFileReference; includeInIndex = 1; lastKnownFileType = net.daringfireball.markdown; name = README.md; path = ../README.md; sourceTree = "<group>"; };
		189ED405942A661FC429604B /* Pods-ViewModel_Tests.release.xcconfig */ = {isa = PBXFileReference; includeInIndex = 1; lastKnownFileType = text.xcconfig; name = "Pods-ViewModel_Tests.release.xcconfig"; path = "Target Support Files/Pods-ViewModel_Tests/Pods-ViewModel_Tests.release.xcconfig"; sourceTree = "<group>"; };
		1A2359C700AE51BB503603EC /* LICENSE */ = {isa = PBXFileReference; includeInIndex = 1; lastKnownFileType = text; name = LICENSE; path = ../LICENSE; sourceTree = "<group>"; };
		52E12B757BC23F921680E837 /* ViewModel.podspec */ = {isa = PBXFileReference; includeInIndex = 1; lastKnownFileType = text; name = ViewModel.podspec; path = ../ViewModel.podspec; sourceTree = "<group>"; xcLanguageSpecificationIdentifier = xcode.lang.ruby; };
		6003F58A195388D20070C39A /* ViewModel_Example.app */ = {isa = PBXFileReference; explicitFileType = wrapper.application; includeInIndex = 0; path = ViewModel_Example.app; sourceTree = BUILT_PRODUCTS_DIR; };
		6003F58D195388D20070C39A /* Foundation.framework */ = {isa = PBXFileReference; lastKnownFileType = wrapper.framework; name = Foundation.framework; path = System/Library/Frameworks/Foundation.framework; sourceTree = SDKROOT; };
		6003F58F195388D20070C39A /* CoreGraphics.framework */ = {isa = PBXFileReference; lastKnownFileType = wrapper.framework; name = CoreGraphics.framework; path = System/Library/Frameworks/CoreGraphics.framework; sourceTree = SDKROOT; };
		6003F591195388D20070C39A /* UIKit.framework */ = {isa = PBXFileReference; lastKnownFileType = wrapper.framework; name = UIKit.framework; path = System/Library/Frameworks/UIKit.framework; sourceTree = SDKROOT; };
		6003F595195388D20070C39A /* ViewModel-Info.plist */ = {isa = PBXFileReference; lastKnownFileType = text.plist.xml; path = "ViewModel-Info.plist"; sourceTree = "<group>"; };
		6003F597195388D20070C39A /* en */ = {isa = PBXFileReference; lastKnownFileType = text.plist.strings; name = en; path = en.lproj/InfoPlist.strings; sourceTree = "<group>"; };
		6003F599195388D20070C39A /* main.m */ = {isa = PBXFileReference; lastKnownFileType = sourcecode.c.objc; path = main.m; sourceTree = "<group>"; };
		6003F59B195388D20070C39A /* ViewModel-Prefix.pch */ = {isa = PBXFileReference; lastKnownFileType = sourcecode.c.h; path = "ViewModel-Prefix.pch"; sourceTree = "<group>"; };
		6003F59C195388D20070C39A /* AppDelegate.h */ = {isa = PBXFileReference; lastKnownFileType = sourcecode.c.h; path = AppDelegate.h; sourceTree = "<group>"; };
		6003F59D195388D20070C39A /* AppDelegate.m */ = {isa = PBXFileReference; lastKnownFileType = sourcecode.c.objc; path = AppDelegate.m; sourceTree = "<group>"; };
		6003F5A5195388D20070C39A /* ViewController.h */ = {isa = PBXFileReference; lastKnownFileType = sourcecode.c.h; path = ViewController.h; sourceTree = "<group>"; };
		6003F5A6195388D20070C39A /* ViewController.m */ = {isa = PBXFileReference; lastKnownFileType = sourcecode.c.objc; path = ViewController.m; sourceTree = "<group>"; };
		6003F5A8195388D20070C39A /* Images.xcassets */ = {isa = PBXFileReference; lastKnownFileType = folder.assetcatalog; path = Images.xcassets; sourceTree = "<group>"; };
		6003F5AE195388D20070C39A /* ViewModel_Tests.xctest */ = {isa = PBXFileReference; explicitFileType = wrapper.cfbundle; includeInIndex = 0; path = ViewModel_Tests.xctest; sourceTree = BUILT_PRODUCTS_DIR; };
		6003F5AF195388D20070C39A /* XCTest.framework */ = {isa = PBXFileReference; lastKnownFileType = wrapper.framework; name = XCTest.framework; path = Library/Frameworks/XCTest.framework; sourceTree = DEVELOPER_DIR; };
		6003F5B7195388D20070C39A /* Tests-Info.plist */ = {isa = PBXFileReference; lastKnownFileType = text.plist.xml; path = "Tests-Info.plist"; sourceTree = "<group>"; };
		6003F5B9195388D20070C39A /* en */ = {isa = PBXFileReference; lastKnownFileType = text.plist.strings; name = en; path = en.lproj/InfoPlist.strings; sourceTree = "<group>"; };
		6003F5BB195388D20070C39A /* Tests.m */ = {isa = PBXFileReference; lastKnownFileType = sourcecode.c.objc; path = Tests.m; sourceTree = "<group>"; };
		606FC2411953D9B200FFA9A0 /* Tests-Prefix.pch */ = {isa = PBXFileReference; lastKnownFileType = sourcecode.c.h; path = "Tests-Prefix.pch"; sourceTree = "<group>"; };
		71719F9E1E33DC2100824A3D /* Base */ = {isa = PBXFileReference; lastKnownFileType = file.storyboard; name = Base; path = Base.lproj/LaunchScreen.storyboard; sourceTree = "<group>"; };
		7802FD2C2C8CA4D300357F37 /* AutoCollectionViewModelCell.h */ = {isa = PBXFileReference; lastKnownFileType = sourcecode.c.h; path = AutoCollectionViewModelCell.h; sourceTree = "<group>"; };
		7802FD2D2C8CA4D300357F37 /* AutoCollectionViewModelCell.m */ = {isa = PBXFileReference; lastKnownFileType = sourcecode.c.objc; path = AutoCollectionViewModelCell.m; sourceTree = "<group>"; };
		7802FD2F2C8CA4DF00357F37 /* AutoTableViewModelCell.h */ = {isa = PBXFileReference; lastKnownFileType = sourcecode.c.h; path = AutoTableViewModelCell.h; sourceTree = "<group>"; };
		7802FD302C8CA4DF00357F37 /* AutoTableViewModelCell.m */ = {isa = PBXFileReference; lastKnownFileType = sourcecode.c.objc; path = AutoTableViewModelCell.m; sourceTree = "<group>"; };
		784B3F252C90853F00EEA591 /* ExampleCellViewModel.m */ = {isa = PBXFileReference; lastKnownFileType = sourcecode.c.objc; path = ExampleCellViewModel.m; sourceTree = "<group>"; };
		784B3F262C90853F00EEA591 /* ExampleCellViewModel.h */ = {isa = PBXFileReference; lastKnownFileType = sourcecode.c.h; path = ExampleCellViewModel.h; sourceTree = "<group>"; };
		784B3F282C908C0800EEA591 /* ExampleTableViewModelCell.h */ = {isa = PBXFileReference; lastKnownFileType = sourcecode.c.h; path = ExampleTableViewModelCell.h; sourceTree = "<group>"; };
		784B3F292C908C0800EEA591 /* ExampleTableViewModelCell.m */ = {isa = PBXFileReference; lastKnownFileType = sourcecode.c.objc; path = ExampleTableViewModelCell.m; sourceTree = "<group>"; };
		784B3F2B2C908C1F00EEA591 /* ExampleCollectionViewModelCell.h */ = {isa = PBXFileReference; lastKnownFileType = sourcecode.c.h; path = ExampleCollectionViewModelCell.h; sourceTree = "<group>"; };
		784B3F2C2C908C1F00EEA591 /* ExampleCollectionViewModelCell.m */ = {isa = PBXFileReference; lastKnownFileType = sourcecode.c.objc; path = ExampleCollectionViewModelCell.m; sourceTree = "<group>"; };
		784B3F2E2C908C5C00EEA591 /* ExampleTableCellViewModel.h */ = {isa = PBXFileReference; lastKnownFileType = sourcecode.c.h; path = ExampleTableCellViewModel.h; sourceTree = "<group>"; };
		784B3F2F2C908C5C00EEA591 /* ExampleTableCellViewModel.m */ = {isa = PBXFileReference; lastKnownFileType = sourcecode.c.objc; path = ExampleTableCellViewModel.m; sourceTree = "<group>"; };
		784B3F312C908C6D00EEA591 /* ExampleCollectionCellViewModel.h */ = {isa = PBXFileReference; lastKnownFileType = sourcecode.c.h; path = ExampleCollectionCellViewModel.h; sourceTree = "<group>"; };
		784B3F322C908C6D00EEA591 /* ExampleCollectionCellViewModel.m */ = {isa = PBXFileReference; lastKnownFileType = sourcecode.c.objc; path = ExampleCollectionCellViewModel.m; sourceTree = "<group>"; };
		784B3F352C90949500EEA591 /* ExampleSectionViewModel.m */ = {isa = PBXFileReference; lastKnownFileType = sourcecode.c.objc; path = ExampleSectionViewModel.m; sourceTree = "<group>"; };
		784B3F362C90949500EEA591 /* ExampleSectionViewModel.h */ = {isa = PBXFileReference; lastKnownFileType = sourcecode.c.h; path = ExampleSectionViewModel.h; sourceTree = "<group>"; };
		784B3F382C9095CF00EEA591 /* ExampleTableHeaderView.m */ = {isa = PBXFileReference; lastKnownFileType = sourcecode.c.objc; path = ExampleTableHeaderView.m; sourceTree = "<group>"; };
		784B3F392C9095CF00EEA591 /* ExampleTableHeaderView.h */ = {isa = PBXFileReference; lastKnownFileType = sourcecode.c.h; path = ExampleTableHeaderView.h; sourceTree = "<group>"; };
		784B3F3B2C9095DE00EEA591 /* ExampleTableFooterView.h */ = {isa = PBXFileReference; lastKnownFileType = sourcecode.c.h; path = ExampleTableFooterView.h; sourceTree = "<group>"; };
		784B3F3C2C9095DE00EEA591 /* ExampleTableFooterView.m */ = {isa = PBXFileReference; lastKnownFileType = sourcecode.c.objc; path = ExampleTableFooterView.m; sourceTree = "<group>"; };
		784B3F3E2C9095F300EEA591 /* ExampleCollectionHeaderView.m */ = {isa = PBXFileReference; lastKnownFileType = sourcecode.c.objc; path = ExampleCollectionHeaderView.m; sourceTree = "<group>"; };
		784B3F3F2C9095F300EEA591 /* ExampleCollectionHeaderView.h */ = {isa = PBXFileReference; lastKnownFileType = sourcecode.c.h; path = ExampleCollectionHeaderView.h; sourceTree = "<group>"; };
		784B3F412C90960400EEA591 /* ExampleCollectionFooterView.h */ = {isa = PBXFileReference; lastKnownFileType = sourcecode.c.h; path = ExampleCollectionFooterView.h; sourceTree = "<group>"; };
		784B3F422C90960400EEA591 /* ExampleCollectionFooterView.m */ = {isa = PBXFileReference; lastKnownFileType = sourcecode.c.objc; path = ExampleCollectionFooterView.m; sourceTree = "<group>"; };
		786895822C0C280600F0E842 /* TestCellViewModel.m */ = {isa = PBXFileReference; lastKnownFileType = sourcecode.c.objc; path = TestCellViewModel.m; sourceTree = "<group>"; };
		786895832C0C280600F0E842 /* TestCellViewModel.h */ = {isa = PBXFileReference; lastKnownFileType = sourcecode.c.h; path = TestCellViewModel.h; sourceTree = "<group>"; };
		786895852C0C280F00F0E842 /* TestCollectionCellViewModel.h */ = {isa = PBXFileReference; lastKnownFileType = sourcecode.c.h; path = TestCollectionCellViewModel.h; sourceTree = "<group>"; };
		786895862C0C280F00F0E842 /* TestCollectionCellViewModel.m */ = {isa = PBXFileReference; lastKnownFileType = sourcecode.c.objc; path = TestCollectionCellViewModel.m; sourceTree = "<group>"; };
		786895882C0C281700F0E842 /* TestCollectionController.m */ = {isa = PBXFileReference; lastKnownFileType = sourcecode.c.objc; path = TestCollectionController.m; sourceTree = "<group>"; };
		786895892C0C281700F0E842 /* TestCollectionController.h */ = {isa = PBXFileReference; lastKnownFileType = sourcecode.c.h; path = TestCollectionController.h; sourceTree = "<group>"; };
		7868958B2C0C281F00F0E842 /* TestCollectionControllerViewModel.h */ = {isa = PBXFileReference; lastKnownFileType = sourcecode.c.h; path = TestCollectionControllerViewModel.h; sourceTree = "<group>"; };
		7868958C2C0C281F00F0E842 /* TestCollectionControllerViewModel.m */ = {isa = PBXFileReference; lastKnownFileType = sourcecode.c.objc; path = TestCollectionControllerViewModel.m; sourceTree = "<group>"; };
		7868959A2C0C284F00F0E842 /* TestTableCellViewModel.h */ = {isa = PBXFileReference; lastKnownFileType = sourcecode.c.h; path = TestTableCellViewModel.h; sourceTree = "<group>"; };
		7868959B2C0C284F00F0E842 /* TestTableCellViewModel.m */ = {isa = PBXFileReference; lastKnownFileType = sourcecode.c.objc; path = TestTableCellViewModel.m; sourceTree = "<group>"; };
		7868959D2C0C285700F0E842 /* TestTableController.m */ = {isa = PBXFileReference; lastKnownFileType = sourcecode.c.objc; path = TestTableController.m; sourceTree = "<group>"; };
		7868959E2C0C285700F0E842 /* TestTableController.h */ = {isa = PBXFileReference; lastKnownFileType = sourcecode.c.h; path = TestTableController.h; sourceTree = "<group>"; };
		786895A02C0C286300F0E842 /* TestTableControllerViewModel.h */ = {isa = PBXFileReference; lastKnownFileType = sourcecode.c.h; path = TestTableControllerViewModel.h; sourceTree = "<group>"; };
		786895A12C0C286300F0E842 /* TestTableControllerViewModel.m */ = {isa = PBXFileReference; lastKnownFileType = sourcecode.c.objc; path = TestTableControllerViewModel.m; sourceTree = "<group>"; };
		78705E2B2C0C28F0001DF510 /* TestSectionViewModel.m */ = {isa = PBXFileReference; lastKnownFileType = sourcecode.c.objc; path = TestSectionViewModel.m; sourceTree = "<group>"; };
		78705E2C2C0C28F0001DF510 /* TestSectionViewModel.h */ = {isa = PBXFileReference; lastKnownFileType = sourcecode.c.h; path = TestSectionViewModel.h; sourceTree = "<group>"; };
		788A683E2CF0DA5F0074F772 /* TestAnotherCellViewModel.m */ = {isa = PBXFileReference; lastKnownFileType = sourcecode.c.objc; path = TestAnotherCellViewModel.m; sourceTree = "<group>"; };
		788A683F2CF0DA5F0074F772 /* TestAnotherCellViewModel.h */ = {isa = PBXFileReference; lastKnownFileType = sourcecode.c.h; path = TestAnotherCellViewModel.h; sourceTree = "<group>"; };
		788A68412CF0DA720074F772 /* TestAnotherCollectionCellViewModel.h */ = {isa = PBXFileReference; lastKnownFileType = sourcecode.c.h; path = TestAnotherCollectionCellViewModel.h; sourceTree = "<group>"; };
		788A68422CF0DA720074F772 /* TestAnotherCollectionCellViewModel.m */ = {isa = PBXFileReference; lastKnownFileType = sourcecode.c.objc; path = TestAnotherCollectionCellViewModel.m; sourceTree = "<group>"; };
		788A68442CF0DA850074F772 /* TestAnotherTableCellViewModel.h */ = {isa = PBXFileReference; lastKnownFileType = sourcecode.c.h; path = TestAnotherTableCellViewModel.h; sourceTree = "<group>"; };
		788A68452CF0DA850074F772 /* TestAnotherTableCellViewModel.m */ = {isa = PBXFileReference; lastKnownFileType = sourcecode.c.objc; path = TestAnotherTableCellViewModel.m; sourceTree = "<group>"; };
		788A68472CF0DAAA0074F772 /* TestAnotherCollectionViewModelCell.h */ = {isa = PBXFileReference; lastKnownFileType = sourcecode.c.h; path = TestAnotherCollectionViewModelCell.h; sourceTree = "<group>"; };
		788A68482CF0DAAA0074F772 /* TestAnotherCollectionViewModelCell.m */ = {isa = PBXFileReference; lastKnownFileType = sourcecode.c.objc; path = TestAnotherCollectionViewModelCell.m; sourceTree = "<group>"; };
		788A684A2CF0DABA0074F772 /* TestAnotherTableViewModelCell.h */ = {isa = PBXFileReference; lastKnownFileType = sourcecode.c.h; path = TestAnotherTableViewModelCell.h; sourceTree = "<group>"; };
		788A684B2CF0DABA0074F772 /* TestAnotherTableViewModelCell.m */ = {isa = PBXFileReference; lastKnownFileType = sourcecode.c.objc; path = TestAnotherTableViewModelCell.m; sourceTree = "<group>"; };
		788B94232C36C7C6009157CB /* TestCollectionViewModelCell.h */ = {isa = PBXFileReference; lastKnownFileType = sourcecode.c.h; path = TestCollectionViewModelCell.h; sourceTree = "<group>"; };
		788B94242C36C7C6009157CB /* TestCollectionViewModelCell.m */ = {isa = PBXFileReference; lastKnownFileType = sourcecode.c.objc; path = TestCollectionViewModelCell.m; sourceTree = "<group>"; };
		78C189C22C5288E8004F0352 /* ___VARIABLE_productName___CellViewModel.h */ = {isa = PBXFileReference; lastKnownFileType = sourcecode.c.h; path = "___VARIABLE_productName___CellViewModel.h"; sourceTree = "<group>"; };
		78C189C32C5288E8004F0352 /* ___VARIABLE_productName___CellViewModel.m */ = {isa = PBXFileReference; lastKnownFileType = sourcecode.c.objc; path = "___VARIABLE_productName___CellViewModel.m"; sourceTree = "<group>"; };
		78C189C52C5288E8004F0352 /* TemplateIcon-1016.png */ = {isa = PBXFileReference; lastKnownFileType = image.png; path = "TemplateIcon-1016.png"; sourceTree = "<group>"; };
		78C189C62C5288E8004F0352 /* TemplateIcon-1016@2x.png */ = {isa = PBXFileReference; lastKnownFileType = image.png; path = "TemplateIcon-1016@2x.png"; sourceTree = "<group>"; };
		78C189C72C5288E8004F0352 /* TemplateInfo.plist */ = {isa = PBXFileReference; lastKnownFileType = text.plist.xml; path = TemplateInfo.plist; sourceTree = "<group>"; };
		78C189C92C5288E8004F0352 /* ___VARIABLE_productName___CollectionCellViewModel.h */ = {isa = PBXFileReference; lastKnownFileType = sourcecode.c.h; path = "___VARIABLE_productName___CollectionCellViewModel.h"; sourceTree = "<group>"; };
		78C189CA2C5288E8004F0352 /* ___VARIABLE_productName___CollectionCellViewModel.m */ = {isa = PBXFileReference; lastKnownFileType = sourcecode.c.objc; path = "___VARIABLE_productName___CollectionCellViewModel.m"; sourceTree = "<group>"; };
		78C189CC2C5288E8004F0352 /* TemplateIcon-1016.png */ = {isa = PBXFileReference; lastKnownFileType = image.png; path = "TemplateIcon-1016.png"; sourceTree = "<group>"; };
		78C189CD2C5288E8004F0352 /* TemplateIcon-1016@2x.png */ = {isa = PBXFileReference; lastKnownFileType = image.png; path = "TemplateIcon-1016@2x.png"; sourceTree = "<group>"; };
		78C189CE2C5288E8004F0352 /* TemplateInfo.plist */ = {isa = PBXFileReference; lastKnownFileType = text.plist.xml; path = TemplateInfo.plist; sourceTree = "<group>"; };
		78C189D02C5288E8004F0352 /* ___VARIABLE_productName___CollectionController.h */ = {isa = PBXFileReference; lastKnownFileType = sourcecode.c.h; path = "___VARIABLE_productName___CollectionController.h"; sourceTree = "<group>"; };
		78C189D12C5288E8004F0352 /* ___VARIABLE_productName___CollectionController.m */ = {isa = PBXFileReference; lastKnownFileType = sourcecode.c.objc; path = "___VARIABLE_productName___CollectionController.m"; sourceTree = "<group>"; };
		78C189D32C5288E8004F0352 /* TemplateIcon-1016.png */ = {isa = PBXFileReference; lastKnownFileType = image.png; path = "TemplateIcon-1016.png"; sourceTree = "<group>"; };
		78C189D42C5288E8004F0352 /* TemplateIcon-1016@2x.png */ = {isa = PBXFileReference; lastKnownFileType = image.png; path = "TemplateIcon-1016@2x.png"; sourceTree = "<group>"; };
		78C189D52C5288E8004F0352 /* TemplateInfo.plist */ = {isa = PBXFileReference; lastKnownFileType = text.plist.xml; path = TemplateInfo.plist; sourceTree = "<group>"; };
		78C189D72C5288E8004F0352 /* ___VARIABLE_productName___CollectionControllerViewModel.h */ = {isa = PBXFileReference; lastKnownFileType = sourcecode.c.h; path = "___VARIABLE_productName___CollectionControllerViewModel.h"; sourceTree = "<group>"; };
		78C189D82C5288E8004F0352 /* ___VARIABLE_productName___CollectionControllerViewModel.m */ = {isa = PBXFileReference; lastKnownFileType = sourcecode.c.objc; path = "___VARIABLE_productName___CollectionControllerViewModel.m"; sourceTree = "<group>"; };
		78C189DA2C5288E8004F0352 /* TemplateIcon-1016.png */ = {isa = PBXFileReference; lastKnownFileType = image.png; path = "TemplateIcon-1016.png"; sourceTree = "<group>"; };
		78C189DB2C5288E8004F0352 /* TemplateIcon-1016@2x.png */ = {isa = PBXFileReference; lastKnownFileType = image.png; path = "TemplateIcon-1016@2x.png"; sourceTree = "<group>"; };
		78C189DC2C5288E8004F0352 /* TemplateInfo.plist */ = {isa = PBXFileReference; lastKnownFileType = text.plist.xml; path = TemplateInfo.plist; sourceTree = "<group>"; };
		78C189DE2C5288E8004F0352 /* ___VARIABLE_productName___CollectionFooterView.h */ = {isa = PBXFileReference; lastKnownFileType = sourcecode.c.h; path = "___VARIABLE_productName___CollectionFooterView.h"; sourceTree = "<group>"; };
		78C189DF2C5288E8004F0352 /* ___VARIABLE_productName___CollectionFooterView.m */ = {isa = PBXFileReference; lastKnownFileType = sourcecode.c.objc; path = "___VARIABLE_productName___CollectionFooterView.m"; sourceTree = "<group>"; };
		78C189E12C5288E8004F0352 /* TemplateIcon-1016.png */ = {isa = PBXFileReference; lastKnownFileType = image.png; path = "TemplateIcon-1016.png"; sourceTree = "<group>"; };
		78C189E22C5288E8004F0352 /* TemplateIcon-1016@2x.png */ = {isa = PBXFileReference; lastKnownFileType = image.png; path = "TemplateIcon-1016@2x.png"; sourceTree = "<group>"; };
		78C189E32C5288E8004F0352 /* TemplateInfo.plist */ = {isa = PBXFileReference; lastKnownFileType = text.plist.xml; path = TemplateInfo.plist; sourceTree = "<group>"; };
		78C189E52C5288E8004F0352 /* ___VARIABLE_productName___CollectionHeaderView.h */ = {isa = PBXFileReference; lastKnownFileType = sourcecode.c.h; path = "___VARIABLE_productName___CollectionHeaderView.h"; sourceTree = "<group>"; };
		78C189E62C5288E8004F0352 /* ___VARIABLE_productName___CollectionHeaderView.m */ = {isa = PBXFileReference; lastKnownFileType = sourcecode.c.objc; path = "___VARIABLE_productName___CollectionHeaderView.m"; sourceTree = "<group>"; };
		78C189E82C5288E8004F0352 /* TemplateIcon-1016.png */ = {isa = PBXFileReference; lastKnownFileType = image.png; path = "TemplateIcon-1016.png"; sourceTree = "<group>"; };
		78C189E92C5288E8004F0352 /* TemplateIcon-1016@2x.png */ = {isa = PBXFileReference; lastKnownFileType = image.png; path = "TemplateIcon-1016@2x.png"; sourceTree = "<group>"; };
		78C189EA2C5288E8004F0352 /* TemplateInfo.plist */ = {isa = PBXFileReference; lastKnownFileType = text.plist.xml; path = TemplateInfo.plist; sourceTree = "<group>"; };
		78C189EC2C5288E8004F0352 /* ___VARIABLE_productName___CollectionViewModelCell.h */ = {isa = PBXFileReference; lastKnownFileType = sourcecode.c.h; path = "___VARIABLE_productName___CollectionViewModelCell.h"; sourceTree = "<group>"; };
		78C189ED2C5288E8004F0352 /* ___VARIABLE_productName___CollectionViewModelCell.m */ = {isa = PBXFileReference; lastKnownFileType = sourcecode.c.objc; path = "___VARIABLE_productName___CollectionViewModelCell.m"; sourceTree = "<group>"; };
		78C189EF2C5288E8004F0352 /* TemplateIcon-1016.png */ = {isa = PBXFileReference; lastKnownFileType = image.png; path = "TemplateIcon-1016.png"; sourceTree = "<group>"; };
		78C189F02C5288E8004F0352 /* TemplateIcon-1016@2x.png */ = {isa = PBXFileReference; lastKnownFileType = image.png; path = "TemplateIcon-1016@2x.png"; sourceTree = "<group>"; };
		78C189F12C5288E8004F0352 /* TemplateInfo.plist */ = {isa = PBXFileReference; lastKnownFileType = text.plist.xml; path = TemplateInfo.plist; sourceTree = "<group>"; };
		78C189F32C5288E8004F0352 /* ___VARIABLE_productName___SectionViewModel.h */ = {isa = PBXFileReference; lastKnownFileType = sourcecode.c.h; path = "___VARIABLE_productName___SectionViewModel.h"; sourceTree = "<group>"; };
		78C189F42C5288E8004F0352 /* ___VARIABLE_productName___SectionViewModel.m */ = {isa = PBXFileReference; lastKnownFileType = sourcecode.c.objc; path = "___VARIABLE_productName___SectionViewModel.m"; sourceTree = "<group>"; };
		78C189F62C5288E8004F0352 /* TemplateIcon-1016.png */ = {isa = PBXFileReference; lastKnownFileType = image.png; path = "TemplateIcon-1016.png"; sourceTree = "<group>"; };
		78C189F72C5288E8004F0352 /* TemplateIcon-1016@2x.png */ = {isa = PBXFileReference; lastKnownFileType = image.png; path = "TemplateIcon-1016@2x.png"; sourceTree = "<group>"; };
		78C189F82C5288E8004F0352 /* TemplateInfo.plist */ = {isa = PBXFileReference; lastKnownFileType = text.plist.xml; path = TemplateInfo.plist; sourceTree = "<group>"; };
		78C189FA2C5288E8004F0352 /* ___VARIABLE_productName___TableCellViewModel.h */ = {isa = PBXFileReference; lastKnownFileType = sourcecode.c.h; path = "___VARIABLE_productName___TableCellViewModel.h"; sourceTree = "<group>"; };
		78C189FB2C5288E8004F0352 /* ___VARIABLE_productName___TableCellViewModel.m */ = {isa = PBXFileReference; lastKnownFileType = sourcecode.c.objc; path = "___VARIABLE_productName___TableCellViewModel.m"; sourceTree = "<group>"; };
		78C189FD2C5288E8004F0352 /* TemplateIcon-1016.png */ = {isa = PBXFileReference; lastKnownFileType = image.png; path = "TemplateIcon-1016.png"; sourceTree = "<group>"; };
		78C189FE2C5288E8004F0352 /* TemplateIcon-1016@2x.png */ = {isa = PBXFileReference; lastKnownFileType = image.png; path = "TemplateIcon-1016@2x.png"; sourceTree = "<group>"; };
		78C189FF2C5288E8004F0352 /* TemplateInfo.plist */ = {isa = PBXFileReference; lastKnownFileType = text.plist.xml; path = TemplateInfo.plist; sourceTree = "<group>"; };
		78C18A012C5288E8004F0352 /* ___VARIABLE_productName___TableController.h */ = {isa = PBXFileReference; lastKnownFileType = sourcecode.c.h; path = "___VARIABLE_productName___TableController.h"; sourceTree = "<group>"; };
		78C18A022C5288E8004F0352 /* ___VARIABLE_productName___TableController.m */ = {isa = PBXFileReference; lastKnownFileType = sourcecode.c.objc; path = "___VARIABLE_productName___TableController.m"; sourceTree = "<group>"; };
		78C18A042C5288E8004F0352 /* TemplateIcon-1016.png */ = {isa = PBXFileReference; lastKnownFileType = image.png; path = "TemplateIcon-1016.png"; sourceTree = "<group>"; };
		78C18A052C5288E8004F0352 /* TemplateIcon-1016@2x.png */ = {isa = PBXFileReference; lastKnownFileType = image.png; path = "TemplateIcon-1016@2x.png"; sourceTree = "<group>"; };
		78C18A062C5288E8004F0352 /* TemplateInfo.plist */ = {isa = PBXFileReference; lastKnownFileType = text.plist.xml; path = TemplateInfo.plist; sourceTree = "<group>"; };
		78C18A082C5288E8004F0352 /* ___VARIABLE_productName___TableControllerViewModel.h */ = {isa = PBXFileReference; lastKnownFileType = sourcecode.c.h; path = "___VARIABLE_productName___TableControllerViewModel.h"; sourceTree = "<group>"; };
		78C18A092C5288E8004F0352 /* ___VARIABLE_productName___TableControllerViewModel.m */ = {isa = PBXFileReference; lastKnownFileType = sourcecode.c.objc; path = "___VARIABLE_productName___TableControllerViewModel.m"; sourceTree = "<group>"; };
		78C18A0B2C5288E8004F0352 /* TemplateIcon-1016.png */ = {isa = PBXFileReference; lastKnownFileType = image.png; path = "TemplateIcon-1016.png"; sourceTree = "<group>"; };
		78C18A0C2C5288E8004F0352 /* TemplateIcon-1016@2x.png */ = {isa = PBXFileReference; lastKnownFileType = image.png; path = "TemplateIcon-1016@2x.png"; sourceTree = "<group>"; };
		78C18A0D2C5288E8004F0352 /* TemplateInfo.plist */ = {isa = PBXFileReference; lastKnownFileType = text.plist.xml; path = TemplateInfo.plist; sourceTree = "<group>"; };
		78C18A0F2C5288E8004F0352 /* ___VARIABLE_productName___TableFooterView.h */ = {isa = PBXFileReference; lastKnownFileType = sourcecode.c.h; path = "___VARIABLE_productName___TableFooterView.h"; sourceTree = "<group>"; };
		78C18A102C5288E8004F0352 /* ___VARIABLE_productName___TableFooterView.m */ = {isa = PBXFileReference; lastKnownFileType = sourcecode.c.objc; path = "___VARIABLE_productName___TableFooterView.m"; sourceTree = "<group>"; };
		78C18A122C5288E8004F0352 /* TemplateIcon-1016.png */ = {isa = PBXFileReference; lastKnownFileType = image.png; path = "TemplateIcon-1016.png"; sourceTree = "<group>"; };
		78C18A132C5288E8004F0352 /* TemplateIcon-1016@2x.png */ = {isa = PBXFileReference; lastKnownFileType = image.png; path = "TemplateIcon-1016@2x.png"; sourceTree = "<group>"; };
		78C18A142C5288E8004F0352 /* TemplateInfo.plist */ = {isa = PBXFileReference; lastKnownFileType = text.plist.xml; path = TemplateInfo.plist; sourceTree = "<group>"; };
		78C18A162C5288E8004F0352 /* ___VARIABLE_productName___TableHeaderView.h */ = {isa = PBXFileReference; lastKnownFileType = sourcecode.c.h; path = "___VARIABLE_productName___TableHeaderView.h"; sourceTree = "<group>"; };
		78C18A172C5288E8004F0352 /* ___VARIABLE_productName___TableHeaderView.m */ = {isa = PBXFileReference; lastKnownFileType = sourcecode.c.objc; path = "___VARIABLE_productName___TableHeaderView.m"; sourceTree = "<group>"; };
		78C18A192C5288E8004F0352 /* TemplateIcon-1016.png */ = {isa = PBXFileReference; lastKnownFileType = image.png; path = "TemplateIcon-1016.png"; sourceTree = "<group>"; };
		78C18A1A2C5288E8004F0352 /* TemplateIcon-1016@2x.png */ = {isa = PBXFileReference; lastKnownFileType = image.png; path = "TemplateIcon-1016@2x.png"; sourceTree = "<group>"; };
		78C18A1B2C5288E8004F0352 /* TemplateInfo.plist */ = {isa = PBXFileReference; lastKnownFileType = text.plist.xml; path = TemplateInfo.plist; sourceTree = "<group>"; };
		78C18A1D2C5288E8004F0352 /* ___VARIABLE_productName___TableViewModelCell.h */ = {isa = PBXFileReference; lastKnownFileType = sourcecode.c.h; path = "___VARIABLE_productName___TableViewModelCell.h"; sourceTree = "<group>"; };
		78C18A1E2C5288E8004F0352 /* ___VARIABLE_productName___TableViewModelCell.m */ = {isa = PBXFileReference; lastKnownFileType = sourcecode.c.objc; path = "___VARIABLE_productName___TableViewModelCell.m"; sourceTree = "<group>"; };
		78C18A202C5288E8004F0352 /* TemplateIcon-1016.png */ = {isa = PBXFileReference; lastKnownFileType = image.png; path = "TemplateIcon-1016.png"; sourceTree = "<group>"; };
		78C18A212C5288E8004F0352 /* TemplateIcon-1016@2x.png */ = {isa = PBXFileReference; lastKnownFileType = image.png; path = "TemplateIcon-1016@2x.png"; sourceTree = "<group>"; };
		78C18A222C5288E8004F0352 /* TemplateInfo.plist */ = {isa = PBXFileReference; lastKnownFileType = text.plist.xml; path = TemplateInfo.plist; sourceTree = "<group>"; };
		78C18A272C5288E8004F0352 /* Templates.sketch */ = {isa = PBXFileReference; lastKnownFileType = file; path = Templates.sketch; sourceTree = "<group>"; };
		78D0DFE22C36C8D2005AE705 /* TestCollectionFooterView.h */ = {isa = PBXFileReference; lastKnownFileType = sourcecode.c.h; path = TestCollectionFooterView.h; sourceTree = "<group>"; };
		78D0DFE32C36C8D2005AE705 /* TestCollectionFooterView.m */ = {isa = PBXFileReference; lastKnownFileType = sourcecode.c.objc; path = TestCollectionFooterView.m; sourceTree = "<group>"; };
		78D0DFE82C36C925005AE705 /* TestCollectionHeaderView.m */ = {isa = PBXFileReference; lastKnownFileType = sourcecode.c.objc; path = TestCollectionHeaderView.m; sourceTree = "<group>"; };
		78D0DFE92C36C925005AE705 /* TestCollectionHeaderView.h */ = {isa = PBXFileReference; lastKnownFileType = sourcecode.c.h; path = TestCollectionHeaderView.h; sourceTree = "<group>"; };
		78D0DFEB2C36C9EC005AE705 /* TestTableViewModelCell.h */ = {isa = PBXFileReference; lastKnownFileType = sourcecode.c.h; path = TestTableViewModelCell.h; sourceTree = "<group>"; };
		78D0DFEC2C36C9EC005AE705 /* TestTableViewModelCell.m */ = {isa = PBXFileReference; lastKnownFileType = sourcecode.c.objc; path = TestTableViewModelCell.m; sourceTree = "<group>"; };
		78D0DFEE2C36CA0C005AE705 /* TestTableHeaderView.m */ = {isa = PBXFileReference; lastKnownFileType = sourcecode.c.objc; path = TestTableHeaderView.m; sourceTree = "<group>"; };
		78D0DFEF2C36CA0C005AE705 /* TestTableHeaderView.h */ = {isa = PBXFileReference; lastKnownFileType = sourcecode.c.h; path = TestTableHeaderView.h; sourceTree = "<group>"; };
		78D0DFF12C36CA19005AE705 /* TestTableFooterView.h */ = {isa = PBXFileReference; lastKnownFileType = sourcecode.c.h; path = TestTableFooterView.h; sourceTree = "<group>"; };
		78D0DFF22C36CA19005AE705 /* TestTableFooterView.m */ = {isa = PBXFileReference; lastKnownFileType = sourcecode.c.objc; path = TestTableFooterView.m; sourceTree = "<group>"; };
		78E1001D2C5364F100CB8CB3 /* AutoCellViewModel.m */ = {isa = PBXFileReference; lastKnownFileType = sourcecode.c.objc; path = AutoCellViewModel.m; sourceTree = "<group>"; };
		78E1001E2C5364F100CB8CB3 /* AutoCellViewModel.h */ = {isa = PBXFileReference; lastKnownFileType = sourcecode.c.h; path = AutoCellViewModel.h; sourceTree = "<group>"; };
		78E100202C5364FF00CB8CB3 /* AutoCollectionCellViewModel.h */ = {isa = PBXFileReference; lastKnownFileType = sourcecode.c.h; path = AutoCollectionCellViewModel.h; sourceTree = "<group>"; };
		78E100212C5364FF00CB8CB3 /* AutoCollectionCellViewModel.m */ = {isa = PBXFileReference; lastKnownFileType = sourcecode.c.objc; path = AutoCollectionCellViewModel.m; sourceTree = "<group>"; };
		78E100232C53650A00CB8CB3 /* AutoCollectionController.m */ = {isa = PBXFileReference; lastKnownFileType = sourcecode.c.objc; path = AutoCollectionController.m; sourceTree = "<group>"; };
		78E100242C53650A00CB8CB3 /* AutoCollectionController.h */ = {isa = PBXFileReference; lastKnownFileType = sourcecode.c.h; path = AutoCollectionController.h; sourceTree = "<group>"; };
		78E100262C53651400CB8CB3 /* AutoCollectionControllerViewModel.h */ = {isa = PBXFileReference; lastKnownFileType = sourcecode.c.h; path = AutoCollectionControllerViewModel.h; sourceTree = "<group>"; };
		78E100272C53651400CB8CB3 /* AutoCollectionControllerViewModel.m */ = {isa = PBXFileReference; lastKnownFileType = sourcecode.c.objc; path = AutoCollectionControllerViewModel.m; sourceTree = "<group>"; };
		78E100292C53651D00CB8CB3 /* AutoCollectionFooterView.h */ = {isa = PBXFileReference; lastKnownFileType = sourcecode.c.h; path = AutoCollectionFooterView.h; sourceTree = "<group>"; };
		78E1002A2C53651D00CB8CB3 /* AutoCollectionFooterView.m */ = {isa = PBXFileReference; lastKnownFileType = sourcecode.c.objc; path = AutoCollectionFooterView.m; sourceTree = "<group>"; };
		78E1002C2C53652600CB8CB3 /* AutoCollectionHeaderView.m */ = {isa = PBXFileReference; lastKnownFileType = sourcecode.c.objc; path = AutoCollectionHeaderView.m; sourceTree = "<group>"; };
		78E1002D2C53652600CB8CB3 /* AutoCollectionHeaderView.h */ = {isa = PBXFileReference; lastKnownFileType = sourcecode.c.h; path = AutoCollectionHeaderView.h; sourceTree = "<group>"; };
		78E100322C53653A00CB8CB3 /* AutoSectionViewModel.m */ = {isa = PBXFileReference; lastKnownFileType = sourcecode.c.objc; path = AutoSectionViewModel.m; sourceTree = "<group>"; };
		78E100332C53653A00CB8CB3 /* AutoSectionViewModel.h */ = {isa = PBXFileReference; lastKnownFileType = sourcecode.c.h; path = AutoSectionViewModel.h; sourceTree = "<group>"; };
		78E100352C53654300CB8CB3 /* AutoTableCellViewModel.h */ = {isa = PBXFileReference; lastKnownFileType = sourcecode.c.h; path = AutoTableCellViewModel.h; sourceTree = "<group>"; };
		78E100362C53654300CB8CB3 /* AutoTableCellViewModel.m */ = {isa = PBXFileReference; lastKnownFileType = sourcecode.c.objc; path = AutoTableCellViewModel.m; sourceTree = "<group>"; };
		78E100382C53654C00CB8CB3 /* AutoTableController.m */ = {isa = PBXFileReference; lastKnownFileType = sourcecode.c.objc; path = AutoTableController.m; sourceTree = "<group>"; };
		78E100392C53654C00CB8CB3 /* AutoTableController.h */ = {isa = PBXFileReference; lastKnownFileType = sourcecode.c.h; path = AutoTableController.h; sourceTree = "<group>"; };
		78E1003B2C53655500CB8CB3 /* AutoTableControllerViewModel.h */ = {isa = PBXFileReference; lastKnownFileType = sourcecode.c.h; path = AutoTableControllerViewModel.h; sourceTree = "<group>"; };
		78E1003C2C53655500CB8CB3 /* AutoTableControllerViewModel.m */ = {isa = PBXFileReference; lastKnownFileType = sourcecode.c.objc; path = AutoTableControllerViewModel.m; sourceTree = "<group>"; };
		78E1003E2C53655E00CB8CB3 /* AutoTableFooterView.h */ = {isa = PBXFileReference; lastKnownFileType = sourcecode.c.h; path = AutoTableFooterView.h; sourceTree = "<group>"; };
		78E1003F2C53655E00CB8CB3 /* AutoTableFooterView.m */ = {isa = PBXFileReference; lastKnownFileType = sourcecode.c.objc; path = AutoTableFooterView.m; sourceTree = "<group>"; };
		78E100412C53656600CB8CB3 /* AutoTableHeaderView.m */ = {isa = PBXFileReference; lastKnownFileType = sourcecode.c.objc; path = AutoTableHeaderView.m; sourceTree = "<group>"; };
		78E100422C53656600CB8CB3 /* AutoTableHeaderView.h */ = {isa = PBXFileReference; lastKnownFileType = sourcecode.c.h; path = AutoTableHeaderView.h; sourceTree = "<group>"; };
		873B8AEA1B1F5CCA007FD442 /* Main.storyboard */ = {isa = PBXFileReference; fileEncoding = 4; lastKnownFileType = file.storyboard; name = Main.storyboard; path = Base.lproj/Main.storyboard; sourceTree = "<group>"; };
		AEDE4D90A7EE01CE863AA501 /* Pods_ViewModel_Example.framework */ = {isa = PBXFileReference; explicitFileType = wrapper.framework; includeInIndex = 0; path = Pods_ViewModel_Example.framework; sourceTree = BUILT_PRODUCTS_DIR; };
		BCC12947A47640DE5566E2A5 /* Pods-ViewModel_Example.release.xcconfig */ = {isa = PBXFileReference; includeInIndex = 1; lastKnownFileType = text.xcconfig; name = "Pods-ViewModel_Example.release.xcconfig"; path = "Target Support Files/Pods-ViewModel_Example/Pods-ViewModel_Example.release.xcconfig"; sourceTree = "<group>"; };
		E648DA722A3228F3414C3313 /* Pods-ViewModel_Example.debug.xcconfig */ = {isa = PBXFileReference; includeInIndex = 1; lastKnownFileType = text.xcconfig; name = "Pods-ViewModel_Example.debug.xcconfig"; path = "Target Support Files/Pods-ViewModel_Example/Pods-ViewModel_Example.debug.xcconfig"; sourceTree = "<group>"; };
		F1A8A0E8BE89E4517BAB855D /* Pods-ViewModel_Tests.debug.xcconfig */ = {isa = PBXFileReference; includeInIndex = 1; lastKnownFileType = text.xcconfig; name = "Pods-ViewModel_Tests.debug.xcconfig"; path = "Target Support Files/Pods-ViewModel_Tests/Pods-ViewModel_Tests.debug.xcconfig"; sourceTree = "<group>"; };
/* End PBXFileReference section */

/* Begin PBXFrameworksBuildPhase section */
		6003F587195388D20070C39A /* Frameworks */ = {
			isa = PBXFrameworksBuildPhase;
			buildActionMask = 2147483647;
			files = (
				6003F590195388D20070C39A /* CoreGraphics.framework in Frameworks */,
				6003F592195388D20070C39A /* UIKit.framework in Frameworks */,
				6003F58E195388D20070C39A /* Foundation.framework in Frameworks */,
				8092BCDFE267C742F26C41E6 /* Pods_ViewModel_Example.framework in Frameworks */,
			);
			runOnlyForDeploymentPostprocessing = 0;
		};
		6003F5AB195388D20070C39A /* Frameworks */ = {
			isa = PBXFrameworksBuildPhase;
			buildActionMask = 2147483647;
			files = (
				6003F5B0195388D20070C39A /* XCTest.framework in Frameworks */,
				6003F5B2195388D20070C39A /* UIKit.framework in Frameworks */,
				6003F5B1195388D20070C39A /* Foundation.framework in Frameworks */,
				19304C2CC773959DA5B9462B /* Pods_ViewModel_Tests.framework in Frameworks */,
			);
			runOnlyForDeploymentPostprocessing = 0;
		};
/* End PBXFrameworksBuildPhase section */

/* Begin PBXGroup section */
		3C515F4CAA666E3F971B0756 /* Pods */ = {
			isa = PBXGroup;
			children = (
				E648DA722A3228F3414C3313 /* Pods-ViewModel_Example.debug.xcconfig */,
				BCC12947A47640DE5566E2A5 /* Pods-ViewModel_Example.release.xcconfig */,
				F1A8A0E8BE89E4517BAB855D /* Pods-ViewModel_Tests.debug.xcconfig */,
				189ED405942A661FC429604B /* Pods-ViewModel_Tests.release.xcconfig */,
			);
			path = Pods;
			sourceTree = "<group>";
		};
		6003F581195388D10070C39A = {
			isa = PBXGroup;
			children = (
				78C18A282C5288E8004F0352 /* Resources */,
				60FF7A9C1954A5C5007DD14C /* Podspec Metadata */,
				6003F593195388D20070C39A /* Example for ViewModel */,
				6003F5B5195388D20070C39A /* Tests */,
				6003F58C195388D20070C39A /* Frameworks */,
				6003F58B195388D20070C39A /* Products */,
				3C515F4CAA666E3F971B0756 /* Pods */,
			);
			sourceTree = "<group>";
		};
		6003F58B195388D20070C39A /* Products */ = {
			isa = PBXGroup;
			children = (
				6003F58A195388D20070C39A /* ViewModel_Example.app */,
				6003F5AE195388D20070C39A /* ViewModel_Tests.xctest */,
			);
			name = Products;
			sourceTree = "<group>";
		};
		6003F58C195388D20070C39A /* Frameworks */ = {
			isa = PBXGroup;
			children = (
				6003F58D195388D20070C39A /* Foundation.framework */,
				6003F58F195388D20070C39A /* CoreGraphics.framework */,
				6003F591195388D20070C39A /* UIKit.framework */,
				6003F5AF195388D20070C39A /* XCTest.framework */,
				AEDE4D90A7EE01CE863AA501 /* Pods_ViewModel_Example.framework */,
				0FDF8936A58AAD2996561B24 /* Pods_ViewModel_Tests.framework */,
			);
			name = Frameworks;
			sourceTree = "<group>";
		};
		6003F593195388D20070C39A /* Example for ViewModel */ = {
			isa = PBXGroup;
			children = (
				784B3F242C90852700EEA591 /* Example */,
				78E1001C2C5364D900CB8CB3 /* Auto */,
				781B22552C0AC92400AD0510 /* Test */,
				6003F59C195388D20070C39A /* AppDelegate.h */,
				6003F59D195388D20070C39A /* AppDelegate.m */,
				873B8AEA1B1F5CCA007FD442 /* Main.storyboard */,
				6003F5A5195388D20070C39A /* ViewController.h */,
				6003F5A6195388D20070C39A /* ViewController.m */,
				71719F9D1E33DC2100824A3D /* LaunchScreen.storyboard */,
				6003F5A8195388D20070C39A /* Images.xcassets */,
				6003F594195388D20070C39A /* Supporting Files */,
			);
			name = "Example for ViewModel";
			path = ViewModel;
			sourceTree = "<group>";
		};
		6003F594195388D20070C39A /* Supporting Files */ = {
			isa = PBXGroup;
			children = (
				6003F595195388D20070C39A /* ViewModel-Info.plist */,
				6003F596195388D20070C39A /* InfoPlist.strings */,
				6003F599195388D20070C39A /* main.m */,
				6003F59B195388D20070C39A /* ViewModel-Prefix.pch */,
			);
			name = "Supporting Files";
			sourceTree = "<group>";
		};
		6003F5B5195388D20070C39A /* Tests */ = {
			isa = PBXGroup;
			children = (
				6003F5BB195388D20070C39A /* Tests.m */,
				6003F5B6195388D20070C39A /* Supporting Files */,
			);
			path = Tests;
			sourceTree = "<group>";
		};
		6003F5B6195388D20070C39A /* Supporting Files */ = {
			isa = PBXGroup;
			children = (
				6003F5B7195388D20070C39A /* Tests-Info.plist */,
				6003F5B8195388D20070C39A /* InfoPlist.strings */,
				606FC2411953D9B200FFA9A0 /* Tests-Prefix.pch */,
			);
			name = "Supporting Files";
			sourceTree = "<group>";
		};
		60FF7A9C1954A5C5007DD14C /* Podspec Metadata */ = {
			isa = PBXGroup;
			children = (
				52E12B757BC23F921680E837 /* ViewModel.podspec */,
				14C564DEA6C9E57700778849 /* README.md */,
				1A2359C700AE51BB503603EC /* LICENSE */,
			);
			name = "Podspec Metadata";
			sourceTree = "<group>";
		};
		781B22552C0AC92400AD0510 /* Test */ = {
			isa = PBXGroup;
			children = (
				786895822C0C280600F0E842 /* TestCellViewModel.m */,
				786895832C0C280600F0E842 /* TestCellViewModel.h */,
				786895852C0C280F00F0E842 /* TestCollectionCellViewModel.h */,
				786895862C0C280F00F0E842 /* TestCollectionCellViewModel.m */,
				786895882C0C281700F0E842 /* TestCollectionController.m */,
				786895892C0C281700F0E842 /* TestCollectionController.h */,
				7868958B2C0C281F00F0E842 /* TestCollectionControllerViewModel.h */,
				7868958C2C0C281F00F0E842 /* TestCollectionControllerViewModel.m */,
				78D0DFE22C36C8D2005AE705 /* TestCollectionFooterView.h */,
				78D0DFE32C36C8D2005AE705 /* TestCollectionFooterView.m */,
				78D0DFE82C36C925005AE705 /* TestCollectionHeaderView.m */,
				78D0DFE92C36C925005AE705 /* TestCollectionHeaderView.h */,
				788B94232C36C7C6009157CB /* TestCollectionViewModelCell.h */,
				788B94242C36C7C6009157CB /* TestCollectionViewModelCell.m */,
				7868959A2C0C284F00F0E842 /* TestTableCellViewModel.h */,
				7868959B2C0C284F00F0E842 /* TestTableCellViewModel.m */,
				7868959D2C0C285700F0E842 /* TestTableController.m */,
				7868959E2C0C285700F0E842 /* TestTableController.h */,
				786895A02C0C286300F0E842 /* TestTableControllerViewModel.h */,
				786895A12C0C286300F0E842 /* TestTableControllerViewModel.m */,
				78D0DFF12C36CA19005AE705 /* TestTableFooterView.h */,
				78D0DFF22C36CA19005AE705 /* TestTableFooterView.m */,
				78D0DFEE2C36CA0C005AE705 /* TestTableHeaderView.m */,
				78D0DFEF2C36CA0C005AE705 /* TestTableHeaderView.h */,
				78D0DFEB2C36C9EC005AE705 /* TestTableViewModelCell.h */,
				78D0DFEC2C36C9EC005AE705 /* TestTableViewModelCell.m */,
				78705E2B2C0C28F0001DF510 /* TestSectionViewModel.m */,
				78705E2C2C0C28F0001DF510 /* TestSectionViewModel.h */,
				788A683E2CF0DA5F0074F772 /* TestAnotherCellViewModel.m */,
				788A683F2CF0DA5F0074F772 /* TestAnotherCellViewModel.h */,
				788A68412CF0DA720074F772 /* TestAnotherCollectionCellViewModel.h */,
				788A68422CF0DA720074F772 /* TestAnotherCollectionCellViewModel.m */,
				788A68442CF0DA850074F772 /* TestAnotherTableCellViewModel.h */,
				788A68452CF0DA850074F772 /* TestAnotherTableCellViewModel.m */,
				788A68472CF0DAAA0074F772 /* TestAnotherCollectionViewModelCell.h */,
				788A68482CF0DAAA0074F772 /* TestAnotherCollectionViewModelCell.m */,
				788A684A2CF0DABA0074F772 /* TestAnotherTableViewModelCell.h */,
				788A684B2CF0DABA0074F772 /* TestAnotherTableViewModelCell.m */,
			);
			path = Test;
			sourceTree = "<group>";
		};
		784B3F232C90852700EEA591 /* Cell */ = {
			isa = PBXGroup;
			children = (
				784B3F252C90853F00EEA591 /* ExampleCellViewModel.m */,
				784B3F262C90853F00EEA591 /* ExampleCellViewModel.h */,
				784B3F282C908C0800EEA591 /* ExampleTableViewModelCell.h */,
				784B3F292C908C0800EEA591 /* ExampleTableViewModelCell.m */,
				784B3F2B2C908C1F00EEA591 /* ExampleCollectionViewModelCell.h */,
				784B3F2C2C908C1F00EEA591 /* ExampleCollectionViewModelCell.m */,
				784B3F2E2C908C5C00EEA591 /* ExampleTableCellViewModel.h */,
				784B3F2F2C908C5C00EEA591 /* ExampleTableCellViewModel.m */,
				784B3F312C908C6D00EEA591 /* ExampleCollectionCellViewModel.h */,
				784B3F322C908C6D00EEA591 /* ExampleCollectionCellViewModel.m */,
			);
			path = Cell;
			sourceTree = "<group>";
		};
		784B3F242C90852700EEA591 /* Example */ = {
			isa = PBXGroup;
			children = (
				784B3F342C90944E00EEA591 /* Section */,
				784B3F232C90852700EEA591 /* Cell */,
			);
			path = Example;
			sourceTree = "<group>";
		};
		784B3F342C90944E00EEA591 /* Section */ = {
			isa = PBXGroup;
			children = (
				784B3F352C90949500EEA591 /* ExampleSectionViewModel.m */,
				784B3F362C90949500EEA591 /* ExampleSectionViewModel.h */,
				784B3F382C9095CF00EEA591 /* ExampleTableHeaderView.m */,
				784B3F392C9095CF00EEA591 /* ExampleTableHeaderView.h */,
				784B3F3B2C9095DE00EEA591 /* ExampleTableFooterView.h */,
				784B3F3C2C9095DE00EEA591 /* ExampleTableFooterView.m */,
				784B3F3E2C9095F300EEA591 /* ExampleCollectionHeaderView.m */,
				784B3F3F2C9095F300EEA591 /* ExampleCollectionHeaderView.h */,
				784B3F412C90960400EEA591 /* ExampleCollectionFooterView.h */,
				784B3F422C90960400EEA591 /* ExampleCollectionFooterView.m */,
			);
			path = Section;
			sourceTree = "<group>";
		};
		78C189C42C5288E8004F0352 /* CellViewModelObjective-C */ = {
			isa = PBXGroup;
			children = (
				78C189C22C5288E8004F0352 /* ___VARIABLE_productName___CellViewModel.h */,
				78C189C32C5288E8004F0352 /* ___VARIABLE_productName___CellViewModel.m */,
			);
			path = "CellViewModelObjective-C";
			sourceTree = "<group>";
		};
		78C189C82C5288E8004F0352 /* CellViewModel.xctemplate */ = {
			isa = PBXGroup;
			children = (
				78C189C42C5288E8004F0352 /* CellViewModelObjective-C */,
				78C189C52C5288E8004F0352 /* TemplateIcon-1016.png */,
				78C189C62C5288E8004F0352 /* TemplateIcon-1016@2x.png */,
				78C189C72C5288E8004F0352 /* TemplateInfo.plist */,
			);
			path = CellViewModel.xctemplate;
			sourceTree = "<group>";
		};
		78C189CB2C5288E8004F0352 /* CollectionCellViewModelObjective-C */ = {
			isa = PBXGroup;
			children = (
				78C189C92C5288E8004F0352 /* ___VARIABLE_productName___CollectionCellViewModel.h */,
				78C189CA2C5288E8004F0352 /* ___VARIABLE_productName___CollectionCellViewModel.m */,
			);
			path = "CollectionCellViewModelObjective-C";
			sourceTree = "<group>";
		};
		78C189CF2C5288E8004F0352 /* CollectionCellViewModel.xctemplate */ = {
			isa = PBXGroup;
			children = (
				78C189CB2C5288E8004F0352 /* CollectionCellViewModelObjective-C */,
				78C189CC2C5288E8004F0352 /* TemplateIcon-1016.png */,
				78C189CD2C5288E8004F0352 /* TemplateIcon-1016@2x.png */,
				78C189CE2C5288E8004F0352 /* TemplateInfo.plist */,
			);
			path = CollectionCellViewModel.xctemplate;
			sourceTree = "<group>";
		};
		78C189D22C5288E8004F0352 /* CollectionControllerObjective-C */ = {
			isa = PBXGroup;
			children = (
				78C189D02C5288E8004F0352 /* ___VARIABLE_productName___CollectionController.h */,
				78C189D12C5288E8004F0352 /* ___VARIABLE_productName___CollectionController.m */,
			);
			path = "CollectionControllerObjective-C";
			sourceTree = "<group>";
		};
		78C189D62C5288E8004F0352 /* CollectionController.xctemplate */ = {
			isa = PBXGroup;
			children = (
				78C189D22C5288E8004F0352 /* CollectionControllerObjective-C */,
				78C189D32C5288E8004F0352 /* TemplateIcon-1016.png */,
				78C189D42C5288E8004F0352 /* TemplateIcon-1016@2x.png */,
				78C189D52C5288E8004F0352 /* TemplateInfo.plist */,
			);
			path = CollectionController.xctemplate;
			sourceTree = "<group>";
		};
		78C189D92C5288E8004F0352 /* CollectionControllerViewModelObjective-C */ = {
			isa = PBXGroup;
			children = (
				78C189D72C5288E8004F0352 /* ___VARIABLE_productName___CollectionControllerViewModel.h */,
				78C189D82C5288E8004F0352 /* ___VARIABLE_productName___CollectionControllerViewModel.m */,
			);
			path = "CollectionControllerViewModelObjective-C";
			sourceTree = "<group>";
		};
		78C189DD2C5288E8004F0352 /* CollectionControllerViewModel.xctemplate */ = {
			isa = PBXGroup;
			children = (
				78C189D92C5288E8004F0352 /* CollectionControllerViewModelObjective-C */,
				78C189DA2C5288E8004F0352 /* TemplateIcon-1016.png */,
				78C189DB2C5288E8004F0352 /* TemplateIcon-1016@2x.png */,
				78C189DC2C5288E8004F0352 /* TemplateInfo.plist */,
			);
			path = CollectionControllerViewModel.xctemplate;
			sourceTree = "<group>";
		};
		78C189E02C5288E8004F0352 /* CollectionFooterViewObjective-C */ = {
			isa = PBXGroup;
			children = (
				78C189DE2C5288E8004F0352 /* ___VARIABLE_productName___CollectionFooterView.h */,
				78C189DF2C5288E8004F0352 /* ___VARIABLE_productName___CollectionFooterView.m */,
			);
			path = "CollectionFooterViewObjective-C";
			sourceTree = "<group>";
		};
		78C189E42C5288E8004F0352 /* CollectionFooterView.xctemplate */ = {
			isa = PBXGroup;
			children = (
				78C189E02C5288E8004F0352 /* CollectionFooterViewObjective-C */,
				78C189E12C5288E8004F0352 /* TemplateIcon-1016.png */,
				78C189E22C5288E8004F0352 /* TemplateIcon-1016@2x.png */,
				78C189E32C5288E8004F0352 /* TemplateInfo.plist */,
			);
			path = CollectionFooterView.xctemplate;
			sourceTree = "<group>";
		};
		78C189E72C5288E8004F0352 /* CollectionHeaderViewObjective-C */ = {
			isa = PBXGroup;
			children = (
				78C189E52C5288E8004F0352 /* ___VARIABLE_productName___CollectionHeaderView.h */,
				78C189E62C5288E8004F0352 /* ___VARIABLE_productName___CollectionHeaderView.m */,
			);
			path = "CollectionHeaderViewObjective-C";
			sourceTree = "<group>";
		};
		78C189EB2C5288E8004F0352 /* CollectionHeaderView.xctemplate */ = {
			isa = PBXGroup;
			children = (
				78C189E72C5288E8004F0352 /* CollectionHeaderViewObjective-C */,
				78C189E82C5288E8004F0352 /* TemplateIcon-1016.png */,
				78C189E92C5288E8004F0352 /* TemplateIcon-1016@2x.png */,
				78C189EA2C5288E8004F0352 /* TemplateInfo.plist */,
			);
			path = CollectionHeaderView.xctemplate;
			sourceTree = "<group>";
		};
		78C189EE2C5288E8004F0352 /* CollectionViewModelCellObjective-C */ = {
			isa = PBXGroup;
			children = (
				78C189EC2C5288E8004F0352 /* ___VARIABLE_productName___CollectionViewModelCell.h */,
				78C189ED2C5288E8004F0352 /* ___VARIABLE_productName___CollectionViewModelCell.m */,
			);
			path = "CollectionViewModelCellObjective-C";
			sourceTree = "<group>";
		};
		78C189F22C5288E8004F0352 /* CollectionViewModelCell.xctemplate */ = {
			isa = PBXGroup;
			children = (
				78C189EE2C5288E8004F0352 /* CollectionViewModelCellObjective-C */,
				78C189EF2C5288E8004F0352 /* TemplateIcon-1016.png */,
				78C189F02C5288E8004F0352 /* TemplateIcon-1016@2x.png */,
				78C189F12C5288E8004F0352 /* TemplateInfo.plist */,
			);
			path = CollectionViewModelCell.xctemplate;
			sourceTree = "<group>";
		};
		78C189F52C5288E8004F0352 /* SectionViewModelObjective-C */ = {
			isa = PBXGroup;
			children = (
				78C189F32C5288E8004F0352 /* ___VARIABLE_productName___SectionViewModel.h */,
				78C189F42C5288E8004F0352 /* ___VARIABLE_productName___SectionViewModel.m */,
			);
			path = "SectionViewModelObjective-C";
			sourceTree = "<group>";
		};
		78C189F92C5288E8004F0352 /* SectionViewModel.xctemplate */ = {
			isa = PBXGroup;
			children = (
				78C189F52C5288E8004F0352 /* SectionViewModelObjective-C */,
				78C189F62C5288E8004F0352 /* TemplateIcon-1016.png */,
				78C189F72C5288E8004F0352 /* TemplateIcon-1016@2x.png */,
				78C189F82C5288E8004F0352 /* TemplateInfo.plist */,
			);
			path = SectionViewModel.xctemplate;
			sourceTree = "<group>";
		};
		78C189FC2C5288E8004F0352 /* TableCellViewModelObjective-C */ = {
			isa = PBXGroup;
			children = (
				78C189FA2C5288E8004F0352 /* ___VARIABLE_productName___TableCellViewModel.h */,
				78C189FB2C5288E8004F0352 /* ___VARIABLE_productName___TableCellViewModel.m */,
			);
			path = "TableCellViewModelObjective-C";
			sourceTree = "<group>";
		};
		78C18A002C5288E8004F0352 /* TableCellViewModel.xctemplate */ = {
			isa = PBXGroup;
			children = (
				78C189FC2C5288E8004F0352 /* TableCellViewModelObjective-C */,
				78C189FD2C5288E8004F0352 /* TemplateIcon-1016.png */,
				78C189FE2C5288E8004F0352 /* TemplateIcon-1016@2x.png */,
				78C189FF2C5288E8004F0352 /* TemplateInfo.plist */,
			);
			path = TableCellViewModel.xctemplate;
			sourceTree = "<group>";
		};
		78C18A032C5288E8004F0352 /* TableControllerObjective-C */ = {
			isa = PBXGroup;
			children = (
				78C18A012C5288E8004F0352 /* ___VARIABLE_productName___TableController.h */,
				78C18A022C5288E8004F0352 /* ___VARIABLE_productName___TableController.m */,
			);
			path = "TableControllerObjective-C";
			sourceTree = "<group>";
		};
		78C18A072C5288E8004F0352 /* TableController.xctemplate */ = {
			isa = PBXGroup;
			children = (
				78C18A032C5288E8004F0352 /* TableControllerObjective-C */,
				78C18A042C5288E8004F0352 /* TemplateIcon-1016.png */,
				78C18A052C5288E8004F0352 /* TemplateIcon-1016@2x.png */,
				78C18A062C5288E8004F0352 /* TemplateInfo.plist */,
			);
			path = TableController.xctemplate;
			sourceTree = "<group>";
		};
		78C18A0A2C5288E8004F0352 /* TableControllerViewModelObjective-C */ = {
			isa = PBXGroup;
			children = (
				78C18A082C5288E8004F0352 /* ___VARIABLE_productName___TableControllerViewModel.h */,
				78C18A092C5288E8004F0352 /* ___VARIABLE_productName___TableControllerViewModel.m */,
			);
			path = "TableControllerViewModelObjective-C";
			sourceTree = "<group>";
		};
		78C18A0E2C5288E8004F0352 /* TableControllerViewModel.xctemplate */ = {
			isa = PBXGroup;
			children = (
				78C18A0A2C5288E8004F0352 /* TableControllerViewModelObjective-C */,
				78C18A0B2C5288E8004F0352 /* TemplateIcon-1016.png */,
				78C18A0C2C5288E8004F0352 /* TemplateIcon-1016@2x.png */,
				78C18A0D2C5288E8004F0352 /* TemplateInfo.plist */,
			);
			path = TableControllerViewModel.xctemplate;
			sourceTree = "<group>";
		};
		78C18A112C5288E8004F0352 /* TableFooterViewObjective-C */ = {
			isa = PBXGroup;
			children = (
				78C18A0F2C5288E8004F0352 /* ___VARIABLE_productName___TableFooterView.h */,
				78C18A102C5288E8004F0352 /* ___VARIABLE_productName___TableFooterView.m */,
			);
			path = "TableFooterViewObjective-C";
			sourceTree = "<group>";
		};
		78C18A152C5288E8004F0352 /* TableFooterView.xctemplate */ = {
			isa = PBXGroup;
			children = (
				78C18A112C5288E8004F0352 /* TableFooterViewObjective-C */,
				78C18A122C5288E8004F0352 /* TemplateIcon-1016.png */,
				78C18A132C5288E8004F0352 /* TemplateIcon-1016@2x.png */,
				78C18A142C5288E8004F0352 /* TemplateInfo.plist */,
			);
			path = TableFooterView.xctemplate;
			sourceTree = "<group>";
		};
		78C18A182C5288E8004F0352 /* TableHeaderViewObjective-C */ = {
			isa = PBXGroup;
			children = (
				78C18A162C5288E8004F0352 /* ___VARIABLE_productName___TableHeaderView.h */,
				78C18A172C5288E8004F0352 /* ___VARIABLE_productName___TableHeaderView.m */,
			);
			path = "TableHeaderViewObjective-C";
			sourceTree = "<group>";
		};
		78C18A1C2C5288E8004F0352 /* TableHeaderView.xctemplate */ = {
			isa = PBXGroup;
			children = (
				78C18A182C5288E8004F0352 /* TableHeaderViewObjective-C */,
				78C18A192C5288E8004F0352 /* TemplateIcon-1016.png */,
				78C18A1A2C5288E8004F0352 /* TemplateIcon-1016@2x.png */,
				78C18A1B2C5288E8004F0352 /* TemplateInfo.plist */,
			);
			path = TableHeaderView.xctemplate;
			sourceTree = "<group>";
		};
		78C18A1F2C5288E8004F0352 /* TableViewModelCellObjective-C */ = {
			isa = PBXGroup;
			children = (
				78C18A1D2C5288E8004F0352 /* ___VARIABLE_productName___TableViewModelCell.h */,
				78C18A1E2C5288E8004F0352 /* ___VARIABLE_productName___TableViewModelCell.m */,
			);
			path = "TableViewModelCellObjective-C";
			sourceTree = "<group>";
		};
		78C18A232C5288E8004F0352 /* TableViewModelCell.xctemplate */ = {
			isa = PBXGroup;
			children = (
				78C18A1F2C5288E8004F0352 /* TableViewModelCellObjective-C */,
				78C18A202C5288E8004F0352 /* TemplateIcon-1016.png */,
				78C18A212C5288E8004F0352 /* TemplateIcon-1016@2x.png */,
				78C18A222C5288E8004F0352 /* TemplateInfo.plist */,
			);
			path = TableViewModelCell.xctemplate;
			sourceTree = "<group>";
		};
		78C18A242C5288E8004F0352 /* Templates */ = {
			isa = PBXGroup;
			children = (
				78C189C82C5288E8004F0352 /* CellViewModel.xctemplate */,
				78C189CF2C5288E8004F0352 /* CollectionCellViewModel.xctemplate */,
				78C189D62C5288E8004F0352 /* CollectionController.xctemplate */,
				78C189DD2C5288E8004F0352 /* CollectionControllerViewModel.xctemplate */,
				78C189E42C5288E8004F0352 /* CollectionFooterView.xctemplate */,
				78C189EB2C5288E8004F0352 /* CollectionHeaderView.xctemplate */,
				78C189F22C5288E8004F0352 /* CollectionViewModelCell.xctemplate */,
				78C189F92C5288E8004F0352 /* SectionViewModel.xctemplate */,
				78C18A002C5288E8004F0352 /* TableCellViewModel.xctemplate */,
				78C18A072C5288E8004F0352 /* TableController.xctemplate */,
				78C18A0E2C5288E8004F0352 /* TableControllerViewModel.xctemplate */,
				78C18A152C5288E8004F0352 /* TableFooterView.xctemplate */,
				78C18A1C2C5288E8004F0352 /* TableHeaderView.xctemplate */,
				78C18A232C5288E8004F0352 /* TableViewModelCell.xctemplate */,
			);
			path = Templates;
			sourceTree = "<group>";
		};
		78C18A282C5288E8004F0352 /* Resources */ = {
			isa = PBXGroup;
			children = (
				78C18A242C5288E8004F0352 /* Templates */,
				78C18A272C5288E8004F0352 /* Templates.sketch */,
			);
			name = Resources;
			path = ../Resources;
			sourceTree = "<group>";
		};
		78E1001C2C5364D900CB8CB3 /* Auto */ = {
			isa = PBXGroup;
			children = (
				78E1001E2C5364F100CB8CB3 /* AutoCellViewModel.h */,
				78E1001D2C5364F100CB8CB3 /* AutoCellViewModel.m */,
				78E100202C5364FF00CB8CB3 /* AutoCollectionCellViewModel.h */,
				78E100212C5364FF00CB8CB3 /* AutoCollectionCellViewModel.m */,
				78E100242C53650A00CB8CB3 /* AutoCollectionController.h */,
				78E100232C53650A00CB8CB3 /* AutoCollectionController.m */,
				78E100262C53651400CB8CB3 /* AutoCollectionControllerViewModel.h */,
				78E100272C53651400CB8CB3 /* AutoCollectionControllerViewModel.m */,
				78E100292C53651D00CB8CB3 /* AutoCollectionFooterView.h */,
				78E1002A2C53651D00CB8CB3 /* AutoCollectionFooterView.m */,
				78E1002D2C53652600CB8CB3 /* AutoCollectionHeaderView.h */,
				78E1002C2C53652600CB8CB3 /* AutoCollectionHeaderView.m */,
				78E100332C53653A00CB8CB3 /* AutoSectionViewModel.h */,
				78E100322C53653A00CB8CB3 /* AutoSectionViewModel.m */,
				78E100352C53654300CB8CB3 /* AutoTableCellViewModel.h */,
				78E100362C53654300CB8CB3 /* AutoTableCellViewModel.m */,
				78E100392C53654C00CB8CB3 /* AutoTableController.h */,
				78E100382C53654C00CB8CB3 /* AutoTableController.m */,
				78E1003B2C53655500CB8CB3 /* AutoTableControllerViewModel.h */,
				78E1003C2C53655500CB8CB3 /* AutoTableControllerViewModel.m */,
				78E1003E2C53655E00CB8CB3 /* AutoTableFooterView.h */,
				78E1003F2C53655E00CB8CB3 /* AutoTableFooterView.m */,
				78E100422C53656600CB8CB3 /* AutoTableHeaderView.h */,
				78E100412C53656600CB8CB3 /* AutoTableHeaderView.m */,
				7802FD2C2C8CA4D300357F37 /* AutoCollectionViewModelCell.h */,
				7802FD2D2C8CA4D300357F37 /* AutoCollectionViewModelCell.m */,
				7802FD2F2C8CA4DF00357F37 /* AutoTableViewModelCell.h */,
				7802FD302C8CA4DF00357F37 /* AutoTableViewModelCell.m */,
			);
			path = Auto;
			sourceTree = "<group>";
		};
/* End PBXGroup section */

/* Begin PBXNativeTarget section */
		6003F589195388D20070C39A /* ViewModel_Example */ = {
			isa = PBXNativeTarget;
			buildConfigurationList = 6003F5BF195388D20070C39A /* Build configuration list for PBXNativeTarget "ViewModel_Example" */;
			buildPhases = (
				448BCFD9B4C959A779B93B31 /* [CP] Check Pods Manifest.lock */,
				6003F586195388D20070C39A /* Sources */,
				6003F587195388D20070C39A /* Frameworks */,
				6003F588195388D20070C39A /* Resources */,
				523962542B8027CE132AD2A8 /* [CP] Embed Pods Frameworks */,
			);
			buildRules = (
			);
			dependencies = (
			);
			name = ViewModel_Example;
			productName = ViewModel;
			productReference = 6003F58A195388D20070C39A /* ViewModel_Example.app */;
			productType = "com.apple.product-type.application";
		};
		6003F5AD195388D20070C39A /* ViewModel_Tests */ = {
			isa = PBXNativeTarget;
			buildConfigurationList = 6003F5C2195388D20070C39A /* Build configuration list for PBXNativeTarget "ViewModel_Tests" */;
			buildPhases = (
				421BAC08955380823CBC1C4F /* [CP] Check Pods Manifest.lock */,
				6003F5AA195388D20070C39A /* Sources */,
				6003F5AB195388D20070C39A /* Frameworks */,
				6003F5AC195388D20070C39A /* Resources */,
				9FFD26EE0F31CEEAD304EBA5 /* [CP] Embed Pods Frameworks */,
			);
			buildRules = (
			);
			dependencies = (
				6003F5B4195388D20070C39A /* PBXTargetDependency */,
			);
			name = ViewModel_Tests;
			productName = ViewModelTests;
			productReference = 6003F5AE195388D20070C39A /* ViewModel_Tests.xctest */;
			productType = "com.apple.product-type.bundle.unit-test";
		};
/* End PBXNativeTarget section */

/* Begin PBXProject section */
		6003F582195388D10070C39A /* Project object */ = {
			isa = PBXProject;
			attributes = {
				CLASSPREFIX = "";
				LastUpgradeCheck = 0720;
				ORGANIZATIONNAME = fanchunxing1;
				TargetAttributes = {
					6003F589195388D20070C39A = {
						DevelopmentTeam = 4C39GTGS9D;
					};
					6003F5AD195388D20070C39A = {
						TestTargetID = 6003F589195388D20070C39A;
					};
				};
			};
			buildConfigurationList = 6003F585195388D10070C39A /* Build configuration list for PBXProject "ViewModel" */;
			compatibilityVersion = "Xcode 3.2";
			developmentRegion = English;
			hasScannedForEncodings = 0;
			knownRegions = (
				English,
				en,
				Base,
			);
			mainGroup = 6003F581195388D10070C39A;
			productRefGroup = 6003F58B195388D20070C39A /* Products */;
			projectDirPath = "";
			projectRoot = "";
			targets = (
				6003F589195388D20070C39A /* ViewModel_Example */,
				6003F5AD195388D20070C39A /* ViewModel_Tests */,
			);
		};
/* End PBXProject section */

/* Begin PBXResourcesBuildPhase section */
		6003F588195388D20070C39A /* Resources */ = {
			isa = PBXResourcesBuildPhase;
			buildActionMask = 2147483647;
			files = (
				873B8AEB1B1F5CCA007FD442 /* Main.storyboard in Resources */,
				71719F9F1E33DC2100824A3D /* LaunchScreen.storyboard in Resources */,
				6003F5A9195388D20070C39A /* Images.xcassets in Resources */,
				6003F598195388D20070C39A /* InfoPlist.strings in Resources */,
			);
			runOnlyForDeploymentPostprocessing = 0;
		};
		6003F5AC195388D20070C39A /* Resources */ = {
			isa = PBXResourcesBuildPhase;
			buildActionMask = 2147483647;
			files = (
				6003F5BA195388D20070C39A /* InfoPlist.strings in Resources */,
			);
			runOnlyForDeploymentPostprocessing = 0;
		};
/* End PBXResourcesBuildPhase section */

/* Begin PBXShellScriptBuildPhase section */
		421BAC08955380823CBC1C4F /* [CP] Check Pods Manifest.lock */ = {
			isa = PBXShellScriptBuildPhase;
			buildActionMask = 2147483647;
			files = (
			);
			inputFileListPaths = (
			);
			inputPaths = (
				"${PODS_PODFILE_DIR_PATH}/Podfile.lock",
				"${PODS_ROOT}/Manifest.lock",
			);
			name = "[CP] Check Pods Manifest.lock";
			outputFileListPaths = (
			);
			outputPaths = (
				"$(DERIVED_FILE_DIR)/Pods-ViewModel_Tests-checkManifestLockResult.txt",
			);
			runOnlyForDeploymentPostprocessing = 0;
			shellPath = /bin/sh;
			shellScript = "diff \"${PODS_PODFILE_DIR_PATH}/Podfile.lock\" \"${PODS_ROOT}/Manifest.lock\" > /dev/null\nif [ $? != 0 ] ; then\n    # print error to STDERR\n    echo \"error: The sandbox is not in sync with the Podfile.lock. Run 'pod install' or update your CocoaPods installation.\" >&2\n    exit 1\nfi\n# This output is used by Xcode 'outputs' to avoid re-running this script phase.\necho \"SUCCESS\" > \"${SCRIPT_OUTPUT_FILE_0}\"\n";
			showEnvVarsInLog = 0;
		};
		448BCFD9B4C959A779B93B31 /* [CP] Check Pods Manifest.lock */ = {
			isa = PBXShellScriptBuildPhase;
			buildActionMask = 2147483647;
			files = (
			);
			inputFileListPaths = (
			);
			inputPaths = (
				"${PODS_PODFILE_DIR_PATH}/Podfile.lock",
				"${PODS_ROOT}/Manifest.lock",
			);
			name = "[CP] Check Pods Manifest.lock";
			outputFileListPaths = (
			);
			outputPaths = (
				"$(DERIVED_FILE_DIR)/Pods-ViewModel_Example-checkManifestLockResult.txt",
			);
			runOnlyForDeploymentPostprocessing = 0;
			shellPath = /bin/sh;
			shellScript = "diff \"${PODS_PODFILE_DIR_PATH}/Podfile.lock\" \"${PODS_ROOT}/Manifest.lock\" > /dev/null\nif [ $? != 0 ] ; then\n    # print error to STDERR\n    echo \"error: The sandbox is not in sync with the Podfile.lock. Run 'pod install' or update your CocoaPods installation.\" >&2\n    exit 1\nfi\n# This output is used by Xcode 'outputs' to avoid re-running this script phase.\necho \"SUCCESS\" > \"${SCRIPT_OUTPUT_FILE_0}\"\n";
			showEnvVarsInLog = 0;
		};
		523962542B8027CE132AD2A8 /* [CP] Embed Pods Frameworks */ = {
			isa = PBXShellScriptBuildPhase;
			buildActionMask = 2147483647;
			files = (
			);
			inputPaths = (
				"${PODS_ROOT}/Target Support Files/Pods-ViewModel_Example/Pods-ViewModel_Example-frameworks.sh",
				"${BUILT_PRODUCTS_DIR}/Masonry/Masonry.framework",
				"${BUILT_PRODUCTS_DIR}/ReactiveObjC/ReactiveObjC.framework",
				"${BUILT_PRODUCTS_DIR}/ViewModel/ViewModel.framework",
			);
			name = "[CP] Embed Pods Frameworks";
			outputPaths = (
				"${TARGET_BUILD_DIR}/${FRAMEWORKS_FOLDER_PATH}/Masonry.framework",
				"${TARGET_BUILD_DIR}/${FRAMEWORKS_FOLDER_PATH}/ReactiveObjC.framework",
				"${TARGET_BUILD_DIR}/${FRAMEWORKS_FOLDER_PATH}/ViewModel.framework",
			);
			runOnlyForDeploymentPostprocessing = 0;
			shellPath = /bin/sh;
			shellScript = "\"${PODS_ROOT}/Target Support Files/Pods-ViewModel_Example/Pods-ViewModel_Example-frameworks.sh\"\n";
			showEnvVarsInLog = 0;
		};
		9FFD26EE0F31CEEAD304EBA5 /* [CP] Embed Pods Frameworks */ = {
			isa = PBXShellScriptBuildPhase;
			buildActionMask = 2147483647;
			files = (
			);
			inputPaths = (
				"${PODS_ROOT}/Target Support Files/Pods-ViewModel_Tests/Pods-ViewModel_Tests-frameworks.sh",
				"${BUILT_PRODUCTS_DIR}/Expecta/Expecta.framework",
				"${BUILT_PRODUCTS_DIR}/Expecta+Snapshots/Expecta_Snapshots.framework",
				"${BUILT_PRODUCTS_DIR}/FBSnapshotTestCase/FBSnapshotTestCase.framework",
				"${BUILT_PRODUCTS_DIR}/Specta/Specta.framework",
			);
			name = "[CP] Embed Pods Frameworks";
			outputPaths = (
				"${TARGET_BUILD_DIR}/${FRAMEWORKS_FOLDER_PATH}/Expecta.framework",
				"${TARGET_BUILD_DIR}/${FRAMEWORKS_FOLDER_PATH}/Expecta_Snapshots.framework",
				"${TARGET_BUILD_DIR}/${FRAMEWORKS_FOLDER_PATH}/FBSnapshotTestCase.framework",
				"${TARGET_BUILD_DIR}/${FRAMEWORKS_FOLDER_PATH}/Specta.framework",
			);
			runOnlyForDeploymentPostprocessing = 0;
			shellPath = /bin/sh;
			shellScript = "\"${PODS_ROOT}/Target Support Files/Pods-ViewModel_Tests/Pods-ViewModel_Tests-frameworks.sh\"\n";
			showEnvVarsInLog = 0;
		};
/* End PBXShellScriptBuildPhase section */

/* Begin PBXSourcesBuildPhase section */
		6003F586195388D20070C39A /* Sources */ = {
			isa = PBXSourcesBuildPhase;
			buildActionMask = 2147483647;
			files = (
				6003F59E195388D20070C39A /* AppDelegate.m in Sources */,
				78705E2D2C0C28F0001DF510 /* TestSectionViewModel.m in Sources */,
				78E1003D2C53655500CB8CB3 /* AutoTableControllerViewModel.m in Sources */,
				78E100372C53654300CB8CB3 /* AutoTableCellViewModel.m in Sources */,
				786895A22C0C286300F0E842 /* TestTableControllerViewModel.m in Sources */,
				78E1002E2C53652600CB8CB3 /* AutoCollectionHeaderView.m in Sources */,
				784B3F332C908C6D00EEA591 /* ExampleCollectionCellViewModel.m in Sources */,
				7868959F2C0C285700F0E842 /* TestTableController.m in Sources */,
				78E100222C5364FF00CB8CB3 /* AutoCollectionCellViewModel.m in Sources */,
				784B3F2D2C908C1F00EEA591 /* ExampleCollectionViewModelCell.m in Sources */,
				6003F5A7195388D20070C39A /* ViewController.m in Sources */,
				784B3F432C90960400EEA591 /* ExampleCollectionFooterView.m in Sources */,
				784B3F272C90853F00EEA591 /* ExampleCellViewModel.m in Sources */,
				784B3F402C9095F300EEA591 /* ExampleCollectionHeaderView.m in Sources */,
				78E1002B2C53651D00CB8CB3 /* AutoCollectionFooterView.m in Sources */,
				78E100252C53650A00CB8CB3 /* AutoCollectionController.m in Sources */,
				7802FD312C8CA4DF00357F37 /* AutoTableViewModelCell.m in Sources */,
				78E100432C53656600CB8CB3 /* AutoTableHeaderView.m in Sources */,
				784B3F3D2C9095DE00EEA591 /* ExampleTableFooterView.m in Sources */,
				78D0DFEA2C36C925005AE705 /* TestCollectionHeaderView.m in Sources */,
				788A68402CF0DA5F0074F772 /* TestAnotherCellViewModel.m in Sources */,
				788A68432CF0DA720074F772 /* TestAnotherCollectionCellViewModel.m in Sources */,
				786895872C0C280F00F0E842 /* TestCollectionCellViewModel.m in Sources */,
				7868959C2C0C284F00F0E842 /* TestTableCellViewModel.m in Sources */,
				7868958A2C0C281700F0E842 /* TestCollectionController.m in Sources */,
				788B94252C36C7C6009157CB /* TestCollectionViewModelCell.m in Sources */,
				784B3F3A2C9095CF00EEA591 /* ExampleTableHeaderView.m in Sources */,
				7802FD2E2C8CA4D300357F37 /* AutoCollectionViewModelCell.m in Sources */,
				784B3F302C908C5C00EEA591 /* ExampleTableCellViewModel.m in Sources */,
				78E100402C53655E00CB8CB3 /* AutoTableFooterView.m in Sources */,
				78D0DFE42C36C8D2005AE705 /* TestCollectionFooterView.m in Sources */,
				788A684C2CF0DABA0074F772 /* TestAnotherTableViewModelCell.m in Sources */,
				784B3F372C90949500EEA591 /* ExampleSectionViewModel.m in Sources */,
				78D0DFED2C36C9EC005AE705 /* TestTableViewModelCell.m in Sources */,
				78D0DFF32C36CA19005AE705 /* TestTableFooterView.m in Sources */,
				78D0DFF02C36CA0C005AE705 /* TestTableHeaderView.m in Sources */,
				788A68462CF0DA850074F772 /* TestAnotherTableCellViewModel.m in Sources */,
				786895842C0C280600F0E842 /* TestCellViewModel.m in Sources */,
				78E1003A2C53654C00CB8CB3 /* AutoTableController.m in Sources */,
				784B3F2A2C908C0800EEA591 /* ExampleTableViewModelCell.m in Sources */,
				78E100282C53651400CB8CB3 /* AutoCollectionControllerViewModel.m in Sources */,
				788A68492CF0DAAA0074F772 /* TestAnotherCollectionViewModelCell.m in Sources */,
				78E1001F2C5364F100CB8CB3 /* AutoCellViewModel.m in Sources */,
				78E100342C53653A00CB8CB3 /* AutoSectionViewModel.m in Sources */,
				6003F59A195388D20070C39A /* main.m in Sources */,
				7868958D2C0C281F00F0E842 /* TestCollectionControllerViewModel.m in Sources */,
			);
			runOnlyForDeploymentPostprocessing = 0;
		};
		6003F5AA195388D20070C39A /* Sources */ = {
			isa = PBXSourcesBuildPhase;
			buildActionMask = 2147483647;
			files = (
				6003F5BC195388D20070C39A /* Tests.m in Sources */,
			);
			runOnlyForDeploymentPostprocessing = 0;
		};
/* End PBXSourcesBuildPhase section */

/* Begin PBXTargetDependency section */
		6003F5B4195388D20070C39A /* PBXTargetDependency */ = {
			isa = PBXTargetDependency;
			target = 6003F589195388D20070C39A /* ViewModel_Example */;
			targetProxy = 6003F5B3195388D20070C39A /* PBXContainerItemProxy */;
		};
/* End PBXTargetDependency section */

/* Begin PBXVariantGroup section */
		6003F596195388D20070C39A /* InfoPlist.strings */ = {
			isa = PBXVariantGroup;
			children = (
				6003F597195388D20070C39A /* en */,
			);
			name = InfoPlist.strings;
			sourceTree = "<group>";
		};
		6003F5B8195388D20070C39A /* InfoPlist.strings */ = {
			isa = PBXVariantGroup;
			children = (
				6003F5B9195388D20070C39A /* en */,
			);
			name = InfoPlist.strings;
			sourceTree = "<group>";
		};
		71719F9D1E33DC2100824A3D /* LaunchScreen.storyboard */ = {
			isa = PBXVariantGroup;
			children = (
				71719F9E1E33DC2100824A3D /* Base */,
			);
			name = LaunchScreen.storyboard;
			sourceTree = "<group>";
		};
/* End PBXVariantGroup section */

/* Begin XCBuildConfiguration section */
		6003F5BD195388D20070C39A /* Debug */ = {
			isa = XCBuildConfiguration;
			buildSettings = {
				ALWAYS_SEARCH_USER_PATHS = NO;
				CLANG_CXX_LANGUAGE_STANDARD = "gnu++0x";
				CLANG_CXX_LIBRARY = "libc++";
				CLANG_ENABLE_MODULES = YES;
				CLANG_ENABLE_OBJC_ARC = YES;
				CLANG_WARN_BOOL_CONVERSION = YES;
				CLANG_WARN_CONSTANT_CONVERSION = YES;
				CLANG_WARN_DIRECT_OBJC_ISA_USAGE = YES_ERROR;
				CLANG_WARN_EMPTY_BODY = YES;
				CLANG_WARN_ENUM_CONVERSION = YES;
				CLANG_WARN_INT_CONVERSION = YES;
				CLANG_WARN_OBJC_ROOT_CLASS = YES_ERROR;
				CLANG_WARN__DUPLICATE_METHOD_MATCH = YES;
				"CODE_SIGN_IDENTITY[sdk=iphoneos*]" = "iPhone Developer";
				COPY_PHASE_STRIP = NO;
				ENABLE_TESTABILITY = YES;
				GCC_C_LANGUAGE_STANDARD = gnu99;
				GCC_DYNAMIC_NO_PIC = NO;
				GCC_OPTIMIZATION_LEVEL = 0;
				GCC_PREPROCESSOR_DEFINITIONS = (
					"DEBUG=1",
					"$(inherited)",
				);
				GCC_SYMBOLS_PRIVATE_EXTERN = NO;
				GCC_WARN_64_TO_32_BIT_CONVERSION = YES;
				GCC_WARN_ABOUT_RETURN_TYPE = YES_ERROR;
				GCC_WARN_UNDECLARED_SELECTOR = YES;
				GCC_WARN_UNINITIALIZED_AUTOS = YES_AGGRESSIVE;
				GCC_WARN_UNUSED_FUNCTION = YES;
				GCC_WARN_UNUSED_VARIABLE = YES;
				IPHONEOS_DEPLOYMENT_TARGET = 9.3;
				ONLY_ACTIVE_ARCH = YES;
				SDKROOT = iphoneos;
				TARGETED_DEVICE_FAMILY = "1,2";
			};
			name = Debug;
		};
		6003F5BE195388D20070C39A /* Release */ = {
			isa = XCBuildConfiguration;
			buildSettings = {
				ALWAYS_SEARCH_USER_PATHS = NO;
				CLANG_CXX_LANGUAGE_STANDARD = "gnu++0x";
				CLANG_CXX_LIBRARY = "libc++";
				CLANG_ENABLE_MODULES = YES;
				CLANG_ENABLE_OBJC_ARC = YES;
				CLANG_WARN_BOOL_CONVERSION = YES;
				CLANG_WARN_CONSTANT_CONVERSION = YES;
				CLANG_WARN_DIRECT_OBJC_ISA_USAGE = YES_ERROR;
				CLANG_WARN_EMPTY_BODY = YES;
				CLANG_WARN_ENUM_CONVERSION = YES;
				CLANG_WARN_INT_CONVERSION = YES;
				CLANG_WARN_OBJC_ROOT_CLASS = YES_ERROR;
				CLANG_WARN__DUPLICATE_METHOD_MATCH = YES;
				"CODE_SIGN_IDENTITY[sdk=iphoneos*]" = "iPhone Developer";
				COPY_PHASE_STRIP = YES;
				ENABLE_NS_ASSERTIONS = NO;
				GCC_C_LANGUAGE_STANDARD = gnu99;
				GCC_WARN_64_TO_32_BIT_CONVERSION = YES;
				GCC_WARN_ABOUT_RETURN_TYPE = YES_ERROR;
				GCC_WARN_UNDECLARED_SELECTOR = YES;
				GCC_WARN_UNINITIALIZED_AUTOS = YES_AGGRESSIVE;
				GCC_WARN_UNUSED_FUNCTION = YES;
				GCC_WARN_UNUSED_VARIABLE = YES;
				IPHONEOS_DEPLOYMENT_TARGET = 9.3;
				SDKROOT = iphoneos;
				TARGETED_DEVICE_FAMILY = "1,2";
				VALIDATE_PRODUCT = YES;
			};
			name = Release;
		};
		6003F5C0195388D20070C39A /* Debug */ = {
			isa = XCBuildConfiguration;
			baseConfigurationReference = E648DA722A3228F3414C3313 /* Pods-ViewModel_Example.debug.xcconfig */;
			buildSettings = {
				ASSETCATALOG_COMPILER_APPICON_NAME = AppIcon;
				DEVELOPMENT_TEAM = 4C39GTGS9D;
				GCC_PRECOMPILE_PREFIX_HEADER = YES;
				GCC_PREFIX_HEADER = "ViewModel/ViewModel-Prefix.pch";
				INFOPLIST_FILE = "ViewModel/ViewModel-Info.plist";
				IPHONEOS_DEPLOYMENT_TARGET = 13.0;
				MODULE_NAME = ExampleApp;
				PRODUCT_BUNDLE_IDENTIFIER = "org.cocoapods.demo.${PRODUCT_NAME:rfc1034identifier}";
				PRODUCT_NAME = "$(TARGET_NAME)";
				SWIFT_VERSION = 4.0;
				WRAPPER_EXTENSION = app;
			};
			name = Debug;
		};
		6003F5C1195388D20070C39A /* Release */ = {
			isa = XCBuildConfiguration;
			baseConfigurationReference = BCC12947A47640DE5566E2A5 /* Pods-ViewModel_Example.release.xcconfig */;
			buildSettings = {
				ASSETCATALOG_COMPILER_APPICON_NAME = AppIcon;
				DEVELOPMENT_TEAM = 4C39GTGS9D;
				GCC_PRECOMPILE_PREFIX_HEADER = YES;
				GCC_PREFIX_HEADER = "ViewModel/ViewModel-Prefix.pch";
				INFOPLIST_FILE = "ViewModel/ViewModel-Info.plist";
				IPHONEOS_DEPLOYMENT_TARGET = 13.0;
				MODULE_NAME = ExampleApp;
				PRODUCT_BUNDLE_IDENTIFIER = "org.cocoapods.demo.${PRODUCT_NAME:rfc1034identifier}";
				PRODUCT_NAME = "$(TARGET_NAME)";
				SWIFT_VERSION = 4.0;
				WRAPPER_EXTENSION = app;
			};
			name = Release;
		};
		6003F5C3195388D20070C39A /* Debug */ = {
			isa = XCBuildConfiguration;
			baseConfigurationReference = F1A8A0E8BE89E4517BAB855D /* Pods-ViewModel_Tests.debug.xcconfig */;
			buildSettings = {
				BUNDLE_LOADER = "$(TEST_HOST)";
				FRAMEWORK_SEARCH_PATHS = (
					"$(PLATFORM_DIR)/Developer/Library/Frameworks",
					"$(inherited)",
					"$(DEVELOPER_FRAMEWORKS_DIR)",
				);
				GCC_PRECOMPILE_PREFIX_HEADER = YES;
				GCC_PREFIX_HEADER = "Tests/Tests-Prefix.pch";
				GCC_PREPROCESSOR_DEFINITIONS = (
					"DEBUG=1",
					"$(inherited)",
				);
				INFOPLIST_FILE = "Tests/Tests-Info.plist";
				PRODUCT_BUNDLE_IDENTIFIER = "org.cocoapods.demo.${PRODUCT_NAME:rfc1034identifier}";
				PRODUCT_NAME = "$(TARGET_NAME)";
				SWIFT_VERSION = 4.0;
				TEST_HOST = "$(BUILT_PRODUCTS_DIR)/ViewModel_Example.app/ViewModel_Example";
				WRAPPER_EXTENSION = xctest;
			};
			name = Debug;
		};
		6003F5C4195388D20070C39A /* Release */ = {
			isa = XCBuildConfiguration;
			baseConfigurationReference = 189ED405942A661FC429604B /* Pods-ViewModel_Tests.release.xcconfig */;
			buildSettings = {
				BUNDLE_LOADER = "$(TEST_HOST)";
				FRAMEWORK_SEARCH_PATHS = (
					"$(PLATFORM_DIR)/Developer/Library/Frameworks",
					"$(inherited)",
					"$(DEVELOPER_FRAMEWORKS_DIR)",
				);
				GCC_PRECOMPILE_PREFIX_HEADER = YES;
				GCC_PREFIX_HEADER = "Tests/Tests-Prefix.pch";
				INFOPLIST_FILE = "Tests/Tests-Info.plist";
				PRODUCT_BUNDLE_IDENTIFIER = "org.cocoapods.demo.${PRODUCT_NAME:rfc1034identifier}";
				PRODUCT_NAME = "$(TARGET_NAME)";
				SWIFT_VERSION = 4.0;
				TEST_HOST = "$(BUILT_PRODUCTS_DIR)/ViewModel_Example.app/ViewModel_Example";
				WRAPPER_EXTENSION = xctest;
			};
			name = Release;
		};
/* End XCBuildConfiguration section */

/* Begin XCConfigurationList section */
		6003F585195388D10070C39A /* Build configuration list for PBXProject "ViewModel" */ = {
			isa = XCConfigurationList;
			buildConfigurations = (
				6003F5BD195388D20070C39A /* Debug */,
				6003F5BE195388D20070C39A /* Release */,
			);
			defaultConfigurationIsVisible = 0;
			defaultConfigurationName = Release;
		};
		6003F5BF195388D20070C39A /* Build configuration list for PBXNativeTarget "ViewModel_Example" */ = {
			isa = XCConfigurationList;
			buildConfigurations = (
				6003F5C0195388D20070C39A /* Debug */,
				6003F5C1195388D20070C39A /* Release */,
			);
			defaultConfigurationIsVisible = 0;
			defaultConfigurationName = Release;
		};
		6003F5C2195388D20070C39A /* Build configuration list for PBXNativeTarget "ViewModel_Tests" */ = {
			isa = XCConfigurationList;
			buildConfigurations = (
				6003F5C3195388D20070C39A /* Debug */,
				6003F5C4195388D20070C39A /* Release */,
			);
			defaultConfigurationIsVisible = 0;
			defaultConfigurationName = Release;
		};
/* End XCConfigurationList section */
	};
	rootObject = 6003F582195388D10070C39A /* Project object */;
}
